// !$*UTF8*$!
{
	archiveVersion = 1;
	classes = {
	};
	objectVersion = 51;
	objects = {

/* Begin PBXBuildFile section */
		3B8BDCDDB3781E0ECE011D80 /* Pods_AppData.framework in Frameworks */ = {isa = PBXBuildFile; fileRef = A9EBCCE1B931A3406F322028 /* Pods_AppData.framework */; };
		3C67FABECD1A109DC69D2B63 /* Pods_AppData_AppDataTests.framework in Frameworks */ = {isa = PBXBuildFile; fileRef = A62B738666314F24FAF8EC4D /* Pods_AppData_AppDataTests.framework */; };
		E12F4ED324F30D7F0084EAD6 /* AuthenticationRepository.swift in Sources */ = {isa = PBXBuildFile; fileRef = E12F4ED224F30D7F0084EAD6 /* AuthenticationRepository.swift */; };
		E12F4ED624F30E280084EAD6 /* SessionRemoteDataSource.swift in Sources */ = {isa = PBXBuildFile; fileRef = E12F4ED524F30E280084EAD6 /* SessionRemoteDataSource.swift */; };
		E12F4ED824F30E780084EAD6 /* AuthenticationLocalDataSource.swift in Sources */ = {isa = PBXBuildFile; fileRef = E12F4ED724F30E780084EAD6 /* AuthenticationLocalDataSource.swift */; };
		E12F4EDC24F30FAB0084EAD6 /* AccountRemoteDataSource.swift in Sources */ = {isa = PBXBuildFile; fileRef = E12F4EDB24F30FAB0084EAD6 /* AccountRemoteDataSource.swift */; };
		E12F4EDE24F312080084EAD6 /* SessionLocalDataSource.swift in Sources */ = {isa = PBXBuildFile; fileRef = E12F4EDD24F312080084EAD6 /* SessionLocalDataSource.swift */; };
		E144440924E0555900008203 /* AppData.framework in Frameworks */ = {isa = PBXBuildFile; fileRef = E14443FF24E0555800008203 /* AppData.framework */; };
		E144440E24E0555900008203 /* AppDataTests.swift in Sources */ = {isa = PBXBuildFile; fileRef = E144440D24E0555900008203 /* AppDataTests.swift */; };
		E144441024E0555900008203 /* AppData.h in Headers */ = {isa = PBXBuildFile; fileRef = E144440224E0555900008203 /* AppData.h */; settings = {ATTRIBUTES = (Public, ); }; };
		E144443424E056C800008203 /* SwiftGenStrings.swift in Sources */ = {isa = PBXBuildFile; fileRef = E144441C24E056C700008203 /* SwiftGenStrings.swift */; };
		E144444624E056C800008203 /* SignOutRepository.swift in Sources */ = {isa = PBXBuildFile; fileRef = E144443024E056C800008203 /* SignOutRepository.swift */; };
		E144444824E056C800008203 /* Localizable.strings in Resources */ = {isa = PBXBuildFile; fileRef = E144443324E056C800008203 /* Localizable.strings */; };
		E144444A24E05A2500008203 /* Domain.framework in Frameworks */ = {isa = PBXBuildFile; fileRef = E144444924E05A2500008203 /* Domain.framework */; };
/* End PBXBuildFile section */

/* Begin PBXContainerItemProxy section */
		E144440A24E0555900008203 /* PBXContainerItemProxy */ = {
			isa = PBXContainerItemProxy;
			containerPortal = E14443F624E0555800008203 /* Project object */;
			proxyType = 1;
			remoteGlobalIDString = E14443FE24E0555800008203;
			remoteInfo = AppData;
		};
/* End PBXContainerItemProxy section */

/* Begin PBXFileReference section */
		8E73C63F84E89E75F1D2C3A6 /* Pods-AppData.debug.xcconfig */ = {isa = PBXFileReference; includeInIndex = 1; lastKnownFileType = text.xcconfig; name = "Pods-AppData.debug.xcconfig"; path = "../../Pods/Target Support Files/Pods-AppData/Pods-AppData.debug.xcconfig"; sourceTree = "<group>"; };
		A62B738666314F24FAF8EC4D /* Pods_AppData_AppDataTests.framework */ = {isa = PBXFileReference; explicitFileType = wrapper.framework; includeInIndex = 0; path = Pods_AppData_AppDataTests.framework; sourceTree = BUILT_PRODUCTS_DIR; };
		A9EBCCE1B931A3406F322028 /* Pods_AppData.framework */ = {isa = PBXFileReference; explicitFileType = wrapper.framework; includeInIndex = 0; path = Pods_AppData.framework; sourceTree = BUILT_PRODUCTS_DIR; };
		AA3F2904857337D2208B74EB /* Pods-AppData.release.xcconfig */ = {isa = PBXFileReference; includeInIndex = 1; lastKnownFileType = text.xcconfig; name = "Pods-AppData.release.xcconfig"; path = "../../Pods/Target Support Files/Pods-AppData/Pods-AppData.release.xcconfig"; sourceTree = "<group>"; };
		C20D12729269A60CFB81CA4E /* Pods-AppData-AppDataTests.debug.xcconfig */ = {isa = PBXFileReference; includeInIndex = 1; lastKnownFileType = text.xcconfig; name = "Pods-AppData-AppDataTests.debug.xcconfig"; path = "../../Pods/Target Support Files/Pods-AppData-AppDataTests/Pods-AppData-AppDataTests.debug.xcconfig"; sourceTree = "<group>"; };
		E12F4ED224F30D7F0084EAD6 /* AuthenticationRepository.swift */ = {isa = PBXFileReference; lastKnownFileType = sourcecode.swift; path = AuthenticationRepository.swift; sourceTree = "<group>"; };
		E12F4ED524F30E280084EAD6 /* SessionRemoteDataSource.swift */ = {isa = PBXFileReference; lastKnownFileType = sourcecode.swift; path = SessionRemoteDataSource.swift; sourceTree = "<group>"; };
		E12F4ED724F30E780084EAD6 /* AuthenticationLocalDataSource.swift */ = {isa = PBXFileReference; lastKnownFileType = sourcecode.swift; path = AuthenticationLocalDataSource.swift; sourceTree = "<group>"; };
		E12F4EDB24F30FAB0084EAD6 /* AccountRemoteDataSource.swift */ = {isa = PBXFileReference; lastKnownFileType = sourcecode.swift; path = AccountRemoteDataSource.swift; sourceTree = "<group>"; };
		E12F4EDD24F312080084EAD6 /* SessionLocalDataSource.swift */ = {isa = PBXFileReference; lastKnownFileType = sourcecode.swift; path = SessionLocalDataSource.swift; sourceTree = "<group>"; };
		E14443FF24E0555800008203 /* AppData.framework */ = {isa = PBXFileReference; explicitFileType = wrapper.framework; includeInIndex = 0; path = AppData.framework; sourceTree = BUILT_PRODUCTS_DIR; };
		E144440224E0555900008203 /* AppData.h */ = {isa = PBXFileReference; lastKnownFileType = sourcecode.c.h; path = AppData.h; sourceTree = "<group>"; };
		E144440324E0555900008203 /* Info.plist */ = {isa = PBXFileReference; lastKnownFileType = text.plist.xml; path = Info.plist; sourceTree = "<group>"; };
		E144440824E0555900008203 /* AppDataTests.xctest */ = {isa = PBXFileReference; explicitFileType = wrapper.cfbundle; includeInIndex = 0; path = AppDataTests.xctest; sourceTree = BUILT_PRODUCTS_DIR; };
		E144440D24E0555900008203 /* AppDataTests.swift */ = {isa = PBXFileReference; lastKnownFileType = sourcecode.swift; path = AppDataTests.swift; sourceTree = "<group>"; };
		E144440F24E0555900008203 /* Info.plist */ = {isa = PBXFileReference; lastKnownFileType = text.plist.xml; path = Info.plist; sourceTree = "<group>"; };
		E144441C24E056C700008203 /* SwiftGenStrings.swift */ = {isa = PBXFileReference; fileEncoding = 4; lastKnownFileType = sourcecode.swift; path = SwiftGenStrings.swift; sourceTree = "<group>"; };
		E144443024E056C800008203 /* SignOutRepository.swift */ = {isa = PBXFileReference; fileEncoding = 4; lastKnownFileType = sourcecode.swift; path = SignOutRepository.swift; sourceTree = "<group>"; };
		E144443324E056C800008203 /* Localizable.strings */ = {isa = PBXFileReference; fileEncoding = 4; lastKnownFileType = text.plist.strings; path = Localizable.strings; sourceTree = "<group>"; };
		E144444924E05A2500008203 /* Domain.framework */ = {isa = PBXFileReference; explicitFileType = wrapper.framework; path = Domain.framework; sourceTree = BUILT_PRODUCTS_DIR; };
		F0BE4470F6D9B59519316ECC /* Pods-AppData-AppDataTests.release.xcconfig */ = {isa = PBXFileReference; includeInIndex = 1; lastKnownFileType = text.xcconfig; name = "Pods-AppData-AppDataTests.release.xcconfig"; path = "../../Pods/Target Support Files/Pods-AppData-AppDataTests/Pods-AppData-AppDataTests.release.xcconfig"; sourceTree = "<group>"; };
/* End PBXFileReference section */

/* Begin PBXFrameworksBuildPhase section */
		E14443FC24E0555800008203 /* Frameworks */ = {
			isa = PBXFrameworksBuildPhase;
			buildActionMask = 2147483647;
			files = (
				E144444A24E05A2500008203 /* Domain.framework in Frameworks */,
				3B8BDCDDB3781E0ECE011D80 /* Pods_AppData.framework in Frameworks */,
			);
			runOnlyForDeploymentPostprocessing = 0;
		};
		E144440524E0555900008203 /* Frameworks */ = {
			isa = PBXFrameworksBuildPhase;
			buildActionMask = 2147483647;
			files = (
				E144440924E0555900008203 /* AppData.framework in Frameworks */,
				3C67FABECD1A109DC69D2B63 /* Pods_AppData_AppDataTests.framework in Frameworks */,
			);
			runOnlyForDeploymentPostprocessing = 0;
		};
/* End PBXFrameworksBuildPhase section */

/* Begin PBXGroup section */
		0182B5C7D4404FEF687ED28E /* Frameworks */ = {
			isa = PBXGroup;
			children = (
				E144444924E05A2500008203 /* Domain.framework */,
				A9EBCCE1B931A3406F322028 /* Pods_AppData.framework */,
				A62B738666314F24FAF8EC4D /* Pods_AppData_AppDataTests.framework */,
			);
			name = Frameworks;
			sourceTree = "<group>";
		};
		E1078A6E250827E200E99E22 /* Local */ = {
			isa = PBXGroup;
			children = (
				E12F4ED724F30E780084EAD6 /* AuthenticationLocalDataSource.swift */,
				E12F4EDD24F312080084EAD6 /* SessionLocalDataSource.swift */,
			);
			path = Local;
			sourceTree = "<group>";
		};
		E1078A6F250827EC00E99E22 /* Remote */ = {
			isa = PBXGroup;
			children = (
				E12F4ED524F30E280084EAD6 /* SessionRemoteDataSource.swift */,
				E12F4EDB24F30FAB0084EAD6 /* AccountRemoteDataSource.swift */,
			);
			path = Remote;
			sourceTree = "<group>";
		};
		E12F4ED424F30DA20084EAD6 /* Datasources */ = {
			isa = PBXGroup;
			children = (
				E1078A6F250827EC00E99E22 /* Remote */,
				E1078A6E250827E200E99E22 /* Local */,
			);
			path = Datasources;
			sourceTree = "<group>";
		};
		E139A2010067B6ED84B9A1D4 /* Pods */ = {
			isa = PBXGroup;
			children = (
				8E73C63F84E89E75F1D2C3A6 /* Pods-AppData.debug.xcconfig */,
				AA3F2904857337D2208B74EB /* Pods-AppData.release.xcconfig */,
				C20D12729269A60CFB81CA4E /* Pods-AppData-AppDataTests.debug.xcconfig */,
				F0BE4470F6D9B59519316ECC /* Pods-AppData-AppDataTests.release.xcconfig */,
			);
			name = Pods;
			path = ../Pods;
			sourceTree = "<group>";
		};
		E14443F524E0555800008203 = {
			isa = PBXGroup;
			children = (
				E144440124E0555900008203 /* AppData */,
				E144440C24E0555900008203 /* AppDataTests */,
				E144440024E0555800008203 /* Products */,
				E139A2010067B6ED84B9A1D4 /* Pods */,
				0182B5C7D4404FEF687ED28E /* Frameworks */,
			);
			sourceTree = "<group>";
		};
		E144440024E0555800008203 /* Products */ = {
			isa = PBXGroup;
			children = (
				E14443FF24E0555800008203 /* AppData.framework */,
				E144440824E0555900008203 /* AppDataTests.xctest */,
			);
			name = Products;
			sourceTree = "<group>";
		};
		E144440124E0555900008203 /* AppData */ = {
			isa = PBXGroup;
			children = (
				E12F4ED424F30DA20084EAD6 /* Datasources */,
				E144441924E056C700008203 /* Helpers */,
				E144441F24E056C800008203 /* Repositories */,
				E144443224E056C800008203 /* Resources */,
				E144441D24E056C800008203 /* Supporting Files */,
				E144440224E0555900008203 /* AppData.h */,
			);
			path = AppData;
			sourceTree = "<group>";
		};
		E144440C24E0555900008203 /* AppDataTests */ = {
			isa = PBXGroup;
			children = (
				E144440D24E0555900008203 /* AppDataTests.swift */,
				E144440F24E0555900008203 /* Info.plist */,
			);
			path = AppDataTests;
			sourceTree = "<group>";
		};
		E144441924E056C700008203 /* Helpers */ = {
			isa = PBXGroup;
			children = (
				E144441A24E056C700008203 /* Constants */,
			);
			path = Helpers;
			sourceTree = "<group>";
		};
		E144441A24E056C700008203 /* Constants */ = {
			isa = PBXGroup;
			children = (
				E144441B24E056C700008203 /* Generated */,
			);
			path = Constants;
			sourceTree = "<group>";
		};
		E144441B24E056C700008203 /* Generated */ = {
			isa = PBXGroup;
			children = (
				E144441C24E056C700008203 /* SwiftGenStrings.swift */,
			);
			path = Generated;
			sourceTree = "<group>";
		};
		E144441D24E056C800008203 /* Supporting Files */ = {
			isa = PBXGroup;
			children = (
				E144440324E0555900008203 /* Info.plist */,
			);
			path = "Supporting Files";
			sourceTree = "<group>";
		};
		E144441F24E056C800008203 /* Repositories */ = {
			isa = PBXGroup;
			children = (
				E144443024E056C800008203 /* SignOutRepository.swift */,
				E12F4ED224F30D7F0084EAD6 /* AuthenticationRepository.swift */,
			);
			path = Repositories;
			sourceTree = "<group>";
		};
		E144443224E056C800008203 /* Resources */ = {
			isa = PBXGroup;
			children = (
				E144443324E056C800008203 /* Localizable.strings */,
			);
			path = Resources;
			sourceTree = "<group>";
		};
/* End PBXGroup section */

/* Begin PBXHeadersBuildPhase section */
		E14443FA24E0555800008203 /* Headers */ = {
			isa = PBXHeadersBuildPhase;
			buildActionMask = 2147483647;
			files = (
				E144441024E0555900008203 /* AppData.h in Headers */,
			);
			runOnlyForDeploymentPostprocessing = 0;
		};
/* End PBXHeadersBuildPhase section */

/* Begin PBXNativeTarget section */
		E14443FE24E0555800008203 /* AppData */ = {
			isa = PBXNativeTarget;
			buildConfigurationList = E144441324E0555900008203 /* Build configuration list for PBXNativeTarget "AppData" */;
			buildPhases = (
				958CC93D3C1D0C4D58482816 /* [CP] Check Pods Manifest.lock */,
				E14443FA24E0555800008203 /* Headers */,
				E14443FB24E0555800008203 /* Sources */,
				E14443FC24E0555800008203 /* Frameworks */,
				E14443FD24E0555800008203 /* Resources */,
			);
			buildRules = (
			);
			dependencies = (
			);
			name = AppData;
			productName = AppData;
			productReference = E14443FF24E0555800008203 /* AppData.framework */;
			productType = "com.apple.product-type.framework";
		};
		E144440724E0555900008203 /* AppDataTests */ = {
			isa = PBXNativeTarget;
			buildConfigurationList = E144441624E0555900008203 /* Build configuration list for PBXNativeTarget "AppDataTests" */;
			buildPhases = (
				9F0AADF72C728FBF148A302B /* [CP] Check Pods Manifest.lock */,
				E144440424E0555900008203 /* Sources */,
				E144440524E0555900008203 /* Frameworks */,
				E144440624E0555900008203 /* Resources */,
				9F1038A0737CFF821DF31DE1 /* [CP] Embed Pods Frameworks */,
			);
			buildRules = (
			);
			dependencies = (
				E144440B24E0555900008203 /* PBXTargetDependency */,
			);
			name = AppDataTests;
			productName = AppDataTests;
			productReference = E144440824E0555900008203 /* AppDataTests.xctest */;
			productType = "com.apple.product-type.bundle.unit-test";
		};
/* End PBXNativeTarget section */

/* Begin PBXProject section */
		E14443F624E0555800008203 /* Project object */ = {
			isa = PBXProject;
			attributes = {
				LastSwiftUpdateCheck = 1160;
				LastUpgradeCheck = 1160;
				ORGANIZATIONNAME = dias;
				TargetAttributes = {
					E14443FE24E0555800008203 = {
						CreatedOnToolsVersion = 11.6;
					};
					E144440724E0555900008203 = {
						CreatedOnToolsVersion = 11.6;
					};
				};
			};
			buildConfigurationList = E14443F924E0555800008203 /* Build configuration list for PBXProject "AppData" */;
			compatibilityVersion = "Xcode 9.3";
			developmentRegion = en;
			hasScannedForEncodings = 0;
			knownRegions = (
				en,
				Base,
			);
			mainGroup = E14443F524E0555800008203;
			productRefGroup = E144440024E0555800008203 /* Products */;
			projectDirPath = "";
			projectRoot = "";
			targets = (
				E14443FE24E0555800008203 /* AppData */,
				E144440724E0555900008203 /* AppDataTests */,
			);
		};
/* End PBXProject section */

/* Begin PBXResourcesBuildPhase section */
		E14443FD24E0555800008203 /* Resources */ = {
			isa = PBXResourcesBuildPhase;
			buildActionMask = 2147483647;
			files = (
				E144444824E056C800008203 /* Localizable.strings in Resources */,
			);
			runOnlyForDeploymentPostprocessing = 0;
		};
		E144440624E0555900008203 /* Resources */ = {
			isa = PBXResourcesBuildPhase;
			buildActionMask = 2147483647;
			files = (
			);
			runOnlyForDeploymentPostprocessing = 0;
		};
/* End PBXResourcesBuildPhase section */

/* Begin PBXShellScriptBuildPhase section */
		958CC93D3C1D0C4D58482816 /* [CP] Check Pods Manifest.lock */ = {
			isa = PBXShellScriptBuildPhase;
			buildActionMask = 2147483647;
			files = (
			);
			inputFileListPaths = (
			);
			inputPaths = (
				"${PODS_PODFILE_DIR_PATH}/Podfile.lock",
				"${PODS_ROOT}/Manifest.lock",
			);
			name = "[CP] Check Pods Manifest.lock";
			outputFileListPaths = (
			);
			outputPaths = (
				"$(DERIVED_FILE_DIR)/Pods-AppData-checkManifestLockResult.txt",
			);
			runOnlyForDeploymentPostprocessing = 0;
			shellPath = /bin/sh;
			shellScript = "diff \"${PODS_PODFILE_DIR_PATH}/Podfile.lock\" \"${PODS_ROOT}/Manifest.lock\" > /dev/null\nif [ $? != 0 ] ; then\n    # print error to STDERR\n    echo \"error: The sandbox is not in sync with the Podfile.lock. Run 'pod install' or update your CocoaPods installation.\" >&2\n    exit 1\nfi\n# This output is used by Xcode 'outputs' to avoid re-running this script phase.\necho \"SUCCESS\" > \"${SCRIPT_OUTPUT_FILE_0}\"\n";
			showEnvVarsInLog = 0;
		};
		9F0AADF72C728FBF148A302B /* [CP] Check Pods Manifest.lock */ = {
			isa = PBXShellScriptBuildPhase;
			buildActionMask = 2147483647;
			files = (
			);
			inputFileListPaths = (
			);
			inputPaths = (
				"${PODS_PODFILE_DIR_PATH}/Podfile.lock",
				"${PODS_ROOT}/Manifest.lock",
			);
			name = "[CP] Check Pods Manifest.lock";
			outputFileListPaths = (
			);
			outputPaths = (
				"$(DERIVED_FILE_DIR)/Pods-AppData-AppDataTests-checkManifestLockResult.txt",
			);
			runOnlyForDeploymentPostprocessing = 0;
			shellPath = /bin/sh;
			shellScript = "diff \"${PODS_PODFILE_DIR_PATH}/Podfile.lock\" \"${PODS_ROOT}/Manifest.lock\" > /dev/null\nif [ $? != 0 ] ; then\n    # print error to STDERR\n    echo \"error: The sandbox is not in sync with the Podfile.lock. Run 'pod install' or update your CocoaPods installation.\" >&2\n    exit 1\nfi\n# This output is used by Xcode 'outputs' to avoid re-running this script phase.\necho \"SUCCESS\" > \"${SCRIPT_OUTPUT_FILE_0}\"\n";
			showEnvVarsInLog = 0;
		};
		9F1038A0737CFF821DF31DE1 /* [CP] Embed Pods Frameworks */ = {
			isa = PBXShellScriptBuildPhase;
			buildActionMask = 2147483647;
			files = (
			);
			inputFileListPaths = (
				"${PODS_ROOT}/Target Support Files/Pods-AppData-AppDataTests/Pods-AppData-AppDataTests-frameworks-${CONFIGURATION}-input-files.xcfilelist",
			);
			name = "[CP] Embed Pods Frameworks";
			outputFileListPaths = (
				"${PODS_ROOT}/Target Support Files/Pods-AppData-AppDataTests/Pods-AppData-AppDataTests-frameworks-${CONFIGURATION}-output-files.xcfilelist",
			);
			runOnlyForDeploymentPostprocessing = 0;
			shellPath = /bin/sh;
			shellScript = "\"${PODS_ROOT}/Target Support Files/Pods-AppData-AppDataTests/Pods-AppData-AppDataTests-frameworks.sh\"\n";
			showEnvVarsInLog = 0;
		};
/* End PBXShellScriptBuildPhase section */

/* Begin PBXSourcesBuildPhase section */
		E14443FB24E0555800008203 /* Sources */ = {
			isa = PBXSourcesBuildPhase;
			buildActionMask = 2147483647;
			files = (
				E12F4ED324F30D7F0084EAD6 /* AuthenticationRepository.swift in Sources */,
				E12F4ED824F30E780084EAD6 /* AuthenticationLocalDataSource.swift in Sources */,
				E144443424E056C800008203 /* SwiftGenStrings.swift in Sources */,
				E12F4ED624F30E280084EAD6 /* SessionRemoteDataSource.swift in Sources */,
				E12F4EDC24F30FAB0084EAD6 /* AccountRemoteDataSource.swift in Sources */,
				E12F4EDE24F312080084EAD6 /* SessionLocalDataSource.swift in Sources */,
				E144444624E056C800008203 /* SignOutRepository.swift in Sources */,
			);
			runOnlyForDeploymentPostprocessing = 0;
		};
		E144440424E0555900008203 /* Sources */ = {
			isa = PBXSourcesBuildPhase;
			buildActionMask = 2147483647;
			files = (
				E144440E24E0555900008203 /* AppDataTests.swift in Sources */,
			);
			runOnlyForDeploymentPostprocessing = 0;
		};
/* End PBXSourcesBuildPhase section */

/* Begin PBXTargetDependency section */
		E144440B24E0555900008203 /* PBXTargetDependency */ = {
			isa = PBXTargetDependency;
			target = E14443FE24E0555800008203 /* AppData */;
			targetProxy = E144440A24E0555900008203 /* PBXContainerItemProxy */;
		};
/* End PBXTargetDependency section */

/* Begin XCBuildConfiguration section */
		E144441124E0555900008203 /* Debug */ = {
			isa = XCBuildConfiguration;
			buildSettings = {
				ALWAYS_SEARCH_USER_PATHS = NO;
				CLANG_ANALYZER_NONNULL = YES;
				CLANG_ANALYZER_NUMBER_OBJECT_CONVERSION = YES_AGGRESSIVE;
				CLANG_CXX_LANGUAGE_STANDARD = "gnu++14";
				CLANG_CXX_LIBRARY = "libc++";
				CLANG_ENABLE_MODULES = YES;
				CLANG_ENABLE_OBJC_ARC = YES;
				CLANG_ENABLE_OBJC_WEAK = YES;
				CLANG_WARN_BLOCK_CAPTURE_AUTORELEASING = YES;
				CLANG_WARN_BOOL_CONVERSION = YES;
				CLANG_WARN_COMMA = YES;
				CLANG_WARN_CONSTANT_CONVERSION = YES;
				CLANG_WARN_DEPRECATED_OBJC_IMPLEMENTATIONS = YES;
				CLANG_WARN_DIRECT_OBJC_ISA_USAGE = YES_ERROR;
				CLANG_WARN_DOCUMENTATION_COMMENTS = YES;
				CLANG_WARN_EMPTY_BODY = YES;
				CLANG_WARN_ENUM_CONVERSION = YES;
				CLANG_WARN_INFINITE_RECURSION = YES;
				CLANG_WARN_INT_CONVERSION = YES;
				CLANG_WARN_NON_LITERAL_NULL_CONVERSION = YES;
				CLANG_WARN_OBJC_IMPLICIT_RETAIN_SELF = YES;
				CLANG_WARN_OBJC_LITERAL_CONVERSION = YES;
				CLANG_WARN_OBJC_ROOT_CLASS = YES_ERROR;
				CLANG_WARN_RANGE_LOOP_ANALYSIS = YES;
				CLANG_WARN_STRICT_PROTOTYPES = YES;
				CLANG_WARN_SUSPICIOUS_MOVE = YES;
				CLANG_WARN_UNGUARDED_AVAILABILITY = YES_AGGRESSIVE;
				CLANG_WARN_UNREACHABLE_CODE = YES;
				CLANG_WARN__DUPLICATE_METHOD_MATCH = YES;
				COPY_PHASE_STRIP = NO;
				CURRENT_PROJECT_VERSION = 1;
				DEBUG_INFORMATION_FORMAT = dwarf;
				ENABLE_STRICT_OBJC_MSGSEND = YES;
				ENABLE_TESTABILITY = YES;
				GCC_C_LANGUAGE_STANDARD = gnu11;
				GCC_DYNAMIC_NO_PIC = NO;
				GCC_NO_COMMON_BLOCKS = YES;
				GCC_OPTIMIZATION_LEVEL = 0;
				GCC_PREPROCESSOR_DEFINITIONS = (
					"DEBUG=1",
					"$(inherited)",
				);
				GCC_WARN_64_TO_32_BIT_CONVERSION = YES;
				GCC_WARN_ABOUT_RETURN_TYPE = YES_ERROR;
				GCC_WARN_UNDECLARED_SELECTOR = YES;
				GCC_WARN_UNINITIALIZED_AUTOS = YES_AGGRESSIVE;
				GCC_WARN_UNUSED_FUNCTION = YES;
				GCC_WARN_UNUSED_VARIABLE = YES;
				IPHONEOS_DEPLOYMENT_TARGET = 13.0;
				MTL_ENABLE_DEBUG_INFO = INCLUDE_SOURCE;
				MTL_FAST_MATH = YES;
				ONLY_ACTIVE_ARCH = YES;
				SDKROOT = iphoneos;
				SWIFT_ACTIVE_COMPILATION_CONDITIONS = DEBUG;
				SWIFT_OPTIMIZATION_LEVEL = "-Onone";
				VERSIONING_SYSTEM = "apple-generic";
				VERSION_INFO_PREFIX = "";
			};
			name = Debug;
		};
		E144441224E0555900008203 /* Release */ = {
			isa = XCBuildConfiguration;
			buildSettings = {
				ALWAYS_SEARCH_USER_PATHS = NO;
				CLANG_ANALYZER_NONNULL = YES;
				CLANG_ANALYZER_NUMBER_OBJECT_CONVERSION = YES_AGGRESSIVE;
				CLANG_CXX_LANGUAGE_STANDARD = "gnu++14";
				CLANG_CXX_LIBRARY = "libc++";
				CLANG_ENABLE_MODULES = YES;
				CLANG_ENABLE_OBJC_ARC = YES;
				CLANG_ENABLE_OBJC_WEAK = YES;
				CLANG_WARN_BLOCK_CAPTURE_AUTORELEASING = YES;
				CLANG_WARN_BOOL_CONVERSION = YES;
				CLANG_WARN_COMMA = YES;
				CLANG_WARN_CONSTANT_CONVERSION = YES;
				CLANG_WARN_DEPRECATED_OBJC_IMPLEMENTATIONS = YES;
				CLANG_WARN_DIRECT_OBJC_ISA_USAGE = YES_ERROR;
				CLANG_WARN_DOCUMENTATION_COMMENTS = YES;
				CLANG_WARN_EMPTY_BODY = YES;
				CLANG_WARN_ENUM_CONVERSION = YES;
				CLANG_WARN_INFINITE_RECURSION = YES;
				CLANG_WARN_INT_CONVERSION = YES;
				CLANG_WARN_NON_LITERAL_NULL_CONVERSION = YES;
				CLANG_WARN_OBJC_IMPLICIT_RETAIN_SELF = YES;
				CLANG_WARN_OBJC_LITERAL_CONVERSION = YES;
				CLANG_WARN_OBJC_ROOT_CLASS = YES_ERROR;
				CLANG_WARN_RANGE_LOOP_ANALYSIS = YES;
				CLANG_WARN_STRICT_PROTOTYPES = YES;
				CLANG_WARN_SUSPICIOUS_MOVE = YES;
				CLANG_WARN_UNGUARDED_AVAILABILITY = YES_AGGRESSIVE;
				CLANG_WARN_UNREACHABLE_CODE = YES;
				CLANG_WARN__DUPLICATE_METHOD_MATCH = YES;
				COPY_PHASE_STRIP = NO;
				CURRENT_PROJECT_VERSION = 1;
				DEBUG_INFORMATION_FORMAT = "dwarf-with-dsym";
				ENABLE_NS_ASSERTIONS = NO;
				ENABLE_STRICT_OBJC_MSGSEND = YES;
				GCC_C_LANGUAGE_STANDARD = gnu11;
				GCC_NO_COMMON_BLOCKS = YES;
				GCC_WARN_64_TO_32_BIT_CONVERSION = YES;
				GCC_WARN_ABOUT_RETURN_TYPE = YES_ERROR;
				GCC_WARN_UNDECLARED_SELECTOR = YES;
				GCC_WARN_UNINITIALIZED_AUTOS = YES_AGGRESSIVE;
				GCC_WARN_UNUSED_FUNCTION = YES;
				GCC_WARN_UNUSED_VARIABLE = YES;
				IPHONEOS_DEPLOYMENT_TARGET = 13.0;
				MTL_ENABLE_DEBUG_INFO = NO;
				MTL_FAST_MATH = YES;
				SDKROOT = iphoneos;
				SWIFT_COMPILATION_MODE = wholemodule;
				SWIFT_OPTIMIZATION_LEVEL = "-O";
				VALIDATE_PRODUCT = YES;
				VERSIONING_SYSTEM = "apple-generic";
				VERSION_INFO_PREFIX = "";
			};
			name = Release;
		};
		E144441424E0555900008203 /* Debug */ = {
			isa = XCBuildConfiguration;
			baseConfigurationReference = 8E73C63F84E89E75F1D2C3A6 /* Pods-AppData.debug.xcconfig */;
			buildSettings = {
				CODE_SIGN_STYLE = Automatic;
				DEFINES_MODULE = YES;
				DEVELOPMENT_TEAM = KYWC2RHW78;
				DYLIB_COMPATIBILITY_VERSION = 1;
				DYLIB_CURRENT_VERSION = 1;
				DYLIB_INSTALL_NAME_BASE = "@rpath";
				INFOPLIST_FILE = "AppData/Supporting Files/Info.plist";
				INSTALL_PATH = "$(LOCAL_LIBRARY_DIR)/Frameworks";
				LD_RUNPATH_SEARCH_PATHS = (
					"$(inherited)",
					"@executable_path/Frameworks",
					"@loader_path/Frameworks",
				);
				PRODUCT_BUNDLE_IDENTIFIER = br.com.dias.udtm.data;
				PRODUCT_NAME = "$(TARGET_NAME:c99extidentifier)";
				SKIP_INSTALL = YES;
				SWIFT_VERSION = 5.0;
				TARGETED_DEVICE_FAMILY = "1,2";
			};
			name = Debug;
		};
		E144441524E0555900008203 /* Release */ = {
			isa = XCBuildConfiguration;
			baseConfigurationReference = AA3F2904857337D2208B74EB /* Pods-AppData.release.xcconfig */;
			buildSettings = {
				CODE_SIGN_STYLE = Automatic;
				DEFINES_MODULE = YES;
				DEVELOPMENT_TEAM = KYWC2RHW78;
				DYLIB_COMPATIBILITY_VERSION = 1;
				DYLIB_CURRENT_VERSION = 1;
				DYLIB_INSTALL_NAME_BASE = "@rpath";
				INFOPLIST_FILE = "AppData/Supporting Files/Info.plist";
				INSTALL_PATH = "$(LOCAL_LIBRARY_DIR)/Frameworks";
				LD_RUNPATH_SEARCH_PATHS = (
					"$(inherited)",
					"@executable_path/Frameworks",
					"@loader_path/Frameworks",
				);
				PRODUCT_BUNDLE_IDENTIFIER = br.com.dias.udtm.data;
				PRODUCT_NAME = "$(TARGET_NAME:c99extidentifier)";
				SKIP_INSTALL = YES;
				SWIFT_VERSION = 5.0;
				TARGETED_DEVICE_FAMILY = "1,2";
			};
			name = Release;
		};
		E144441724E0555900008203 /* Debug */ = {
			isa = XCBuildConfiguration;
			baseConfigurationReference = C20D12729269A60CFB81CA4E /* Pods-AppData-AppDataTests.debug.xcconfig */;
			buildSettings = {
				CODE_SIGN_STYLE = Automatic;
				DEVELOPMENT_TEAM = KYWC2RHW78;
				INFOPLIST_FILE = AppDataTests/Info.plist;
				LD_RUNPATH_SEARCH_PATHS = (
					"$(inherited)",
					"@executable_path/Frameworks",
					"@loader_path/Frameworks",
				);
				PRODUCT_BUNDLE_IDENTIFIER = br.com.dias.udtm.data.tests;
				PRODUCT_NAME = "$(TARGET_NAME)";
				SWIFT_VERSION = 5.0;
				TARGETED_DEVICE_FAMILY = "1,2";
			};
			name = Debug;
		};
		E144441824E0555900008203 /* Release */ = {
			isa = XCBuildConfiguration;
			baseConfigurationReference = F0BE4470F6D9B59519316ECC /* Pods-AppData-AppDataTests.release.xcconfig */;
			buildSettings = {
				CODE_SIGN_STYLE = Automatic;
				DEVELOPMENT_TEAM = KYWC2RHW78;
				INFOPLIST_FILE = AppDataTests/Info.plist;
				LD_RUNPATH_SEARCH_PATHS = (
					"$(inherited)",
					"@executable_path/Frameworks",
					"@loader_path/Frameworks",
				);
				PRODUCT_BUNDLE_IDENTIFIER = br.com.dias.udtm.data.tests;
				PRODUCT_NAME = "$(TARGET_NAME)";
				SWIFT_VERSION = 5.0;
				TARGETED_DEVICE_FAMILY = "1,2";
			};
			name = Release;
		};
/* End XCBuildConfiguration section */

/* Begin XCConfigurationList section */
		E14443F924E0555800008203 /* Build configuration list for PBXProject "AppData" */ = {
			isa = XCConfigurationList;
			buildConfigurations = (
				E144441124E0555900008203 /* Debug */,
				E144441224E0555900008203 /* Release */,
			);
			defaultConfigurationIsVisible = 0;
			defaultConfigurationName = Release;
		};
		E144441324E0555900008203 /* Build configuration list for PBXNativeTarget "AppData" */ = {
			isa = XCConfigurationList;
			buildConfigurations = (
				E144441424E0555900008203 /* Debug */,
				E144441524E0555900008203 /* Release */,
			);
			defaultConfigurationIsVisible = 0;
			defaultConfigurationName = Release;
		};
		E144441624E0555900008203 /* Build configuration list for PBXNativeTarget "AppDataTests" */ = {
			isa = XCConfigurationList;
			buildConfigurations = (
				E144441724E0555900008203 /* Debug */,
				E144441824E0555900008203 /* Release */,
			);
			defaultConfigurationIsVisible = 0;
			defaultConfigurationName = Release;
		};
/* End XCConfigurationList section */
	};
	rootObject = E14443F624E0555800008203 /* Project object */;
}
