// !$*UTF8*$!
{
	archiveVersion = 1;
	classes = {
	};
	objectVersion = 51;
	objects = {

/* Begin PBXBuildFile section */
		58371008283A69C4C3CF2B9C /* Pods_Networking.framework in Frameworks */ = {isa = PBXBuildFile; fileRef = 783F8E3E9CC6F69E513C14E3 /* Pods_Networking.framework */; };
		CE0ECADD613E643232FAECC3 /* Pods_Networking_NetworkingTests.framework in Frameworks */ = {isa = PBXBuildFile; fileRef = 4FC6A6359A7DFE316C2141EB /* Pods_Networking_NetworkingTests.framework */; };
		E1078A7125094DA400E99E22 /* AuthenticationTarget.swift in Sources */ = {isa = PBXBuildFile; fileRef = E1078A7025094DA400E99E22 /* AuthenticationTarget.swift */; };
		E1078A772509683600E99E22 /* AccountTarget.swift in Sources */ = {isa = PBXBuildFile; fileRef = E1078A762509683600E99E22 /* AccountTarget.swift */; };
		E12F4EE024F313C10084EAD6 /* SessionRemoteDataSource.swift in Sources */ = {isa = PBXBuildFile; fileRef = E12F4EDF24F313C10084EAD6 /* SessionRemoteDataSource.swift */; };
		E14441FC24E0487100008203 /* Networking.framework in Frameworks */ = {isa = PBXBuildFile; fileRef = E14441F224E0487100008203 /* Networking.framework */; };
		E144420124E0487100008203 /* NetworkingTests.swift in Sources */ = {isa = PBXBuildFile; fileRef = E144420024E0487100008203 /* NetworkingTests.swift */; };
		E144420324E0487100008203 /* Networking.h in Headers */ = {isa = PBXBuildFile; fileRef = E14441F524E0487100008203 /* Networking.h */; settings = {ATTRIBUTES = (Public, ); }; };
		E144424924E0498500008203 /* Localizable.strings in Resources */ = {isa = PBXBuildFile; fileRef = E144420F24E0498400008203 /* Localizable.strings */; };
		E144424A24E0498500008203 /* SwiftGenStrings.swift in Sources */ = {isa = PBXBuildFile; fileRef = E144421324E0498400008203 /* SwiftGenStrings.swift */; };
		E144424B24E0498500008203 /* Error+Ext.swift in Sources */ = {isa = PBXBuildFile; fileRef = E144421524E0498400008203 /* Error+Ext.swift */; };
		E144426024E0498500008203 /* EnvironmentType.swift in Sources */ = {isa = PBXBuildFile; fileRef = E144422C24E0498400008203 /* EnvironmentType.swift */; };
		E144426124E0498500008203 /* FixturesType.swift in Sources */ = {isa = PBXBuildFile; fileRef = E144422D24E0498400008203 /* FixturesType.swift */; };
		E144426224E0498500008203 /* Certificates.swift in Sources */ = {isa = PBXBuildFile; fileRef = E144422E24E0498400008203 /* Certificates.swift */; };
		E144426C24E0498500008203 /* TMDBApiFriendly.swift in Sources */ = {isa = PBXBuildFile; fileRef = E144423924E0498400008203 /* TMDBApiFriendly.swift */; };
		E144426D24E0498500008203 /* SpecificHeaderType.swift in Sources */ = {isa = PBXBuildFile; fileRef = E144423A24E0498400008203 /* SpecificHeaderType.swift */; };
		E144427724E0498500008203 /* UserSessionRequestHandler.swift in Sources */ = {isa = PBXBuildFile; fileRef = E144424624E0498500008203 /* UserSessionRequestHandler.swift */; };
		E144444E24E05A4500008203 /* AppData.framework in Frameworks */ = {isa = PBXBuildFile; fileRef = E144444D24E05A4500008203 /* AppData.framework */; };
		E144445224E05B9D00008203 /* Domain.framework in Frameworks */ = {isa = PBXBuildFile; fileRef = E144445124E05B9D00008203 /* Domain.framework */; };
		E1AA0ED224F3143200A78803 /* AccountRemoteDataSource.swift in Sources */ = {isa = PBXBuildFile; fileRef = E1AA0ED124F3143200A78803 /* AccountRemoteDataSource.swift */; };
		E1E616A8250E9DF50082901D /* ErrorExtensionsTests.swift in Sources */ = {isa = PBXBuildFile; fileRef = E1E616A7250E9DF50082901D /* ErrorExtensionsTests.swift */; };
		E1E616AA250E9F050082901D /* NetworkingReachability.swift in Sources */ = {isa = PBXBuildFile; fileRef = E1E616A9250E9F050082901D /* NetworkingReachability.swift */; };
		E1E616AD250EA0680082901D /* NetworkingReachabilityStub.swift in Sources */ = {isa = PBXBuildFile; fileRef = E1E616AC250EA0680082901D /* NetworkingReachabilityStub.swift */; };
		E1E616AF250EA60E0082901D /* CertificatesTests.swift in Sources */ = {isa = PBXBuildFile; fileRef = E1E616AE250EA60E0082901D /* CertificatesTests.swift */; };
		E1E616B1250EA6A70082901D /* SpecificHeaderTypeTests.swift in Sources */ = {isa = PBXBuildFile; fileRef = E1E616B0250EA6A70082901D /* SpecificHeaderTypeTests.swift */; };
		E1E616B6250EA7500082901D /* FixtureTypeTests.swift in Sources */ = {isa = PBXBuildFile; fileRef = E1E616B5250EA7500082901D /* FixtureTypeTests.swift */; };
		E1E616B8250EA8140082901D /* EnvironmentTypeTests.swift in Sources */ = {isa = PBXBuildFile; fileRef = E1E616B7250EA8140082901D /* EnvironmentTypeTests.swift */; };
		E1E616BB250EA8F20082901D /* AccountTargetTests.swift in Sources */ = {isa = PBXBuildFile; fileRef = E1E616BA250EA8F20082901D /* AccountTargetTests.swift */; };
		E1E616BE250EAD6F0082901D /* AccountRemoteDataSourceTests.swift in Sources */ = {isa = PBXBuildFile; fileRef = E1E616BD250EAD6F0082901D /* AccountRemoteDataSourceTests.swift */; };
		E1E616C1250EB9FA0082901D /* DispatcherFake.swift in Sources */ = {isa = PBXBuildFile; fileRef = E1E616C0250EB9FA0082901D /* DispatcherFake.swift */; };
		E1E616C3250EBF320082901D /* SessionRemoteDataSourceTests.swift in Sources */ = {isa = PBXBuildFile; fileRef = E1E616C2250EBF320082901D /* SessionRemoteDataSourceTests.swift */; };
		E1E616C6250EC6310082901D /* UserSessionRequestHandlerTests.swift in Sources */ = {isa = PBXBuildFile; fileRef = E1E616C5250EC6310082901D /* UserSessionRequestHandlerTests.swift */; };
		E1E616C9250EC7AD0082901D /* SignOutSceneCoordinatorSpy.swift in Sources */ = {isa = PBXBuildFile; fileRef = E1E616C8250EC7AD0082901D /* SignOutSceneCoordinatorSpy.swift */; };
/* End PBXBuildFile section */

/* Begin PBXContainerItemProxy section */
		E14441FD24E0487100008203 /* PBXContainerItemProxy */ = {
			isa = PBXContainerItemProxy;
			containerPortal = E14441E924E0487100008203 /* Project object */;
			proxyType = 1;
			remoteGlobalIDString = E14441F124E0487100008203;
			remoteInfo = Networking;
		};
/* End PBXContainerItemProxy section */

/* Begin PBXFileReference section */
		4FC6A6359A7DFE316C2141EB /* Pods_Networking_NetworkingTests.framework */ = {isa = PBXFileReference; explicitFileType = wrapper.framework; includeInIndex = 0; path = Pods_Networking_NetworkingTests.framework; sourceTree = BUILT_PRODUCTS_DIR; };
		783F8E3E9CC6F69E513C14E3 /* Pods_Networking.framework */ = {isa = PBXFileReference; explicitFileType = wrapper.framework; includeInIndex = 0; path = Pods_Networking.framework; sourceTree = BUILT_PRODUCTS_DIR; };
		BB4AFC0A6A35EFBC0832D710 /* Pods-Networking-NetworkingTests.debug.xcconfig */ = {isa = PBXFileReference; includeInIndex = 1; lastKnownFileType = text.xcconfig; name = "Pods-Networking-NetworkingTests.debug.xcconfig"; path = "../../Pods/Target Support Files/Pods-Networking-NetworkingTests/Pods-Networking-NetworkingTests.debug.xcconfig"; sourceTree = "<group>"; };
		C6324D10263D1DA3842DE169 /* Pods-Networking.release.xcconfig */ = {isa = PBXFileReference; includeInIndex = 1; lastKnownFileType = text.xcconfig; name = "Pods-Networking.release.xcconfig"; path = "../../Pods/Target Support Files/Pods-Networking/Pods-Networking.release.xcconfig"; sourceTree = "<group>"; };
		CF1636E48E2398A32AE9191B /* Pods-Networking.debug.xcconfig */ = {isa = PBXFileReference; includeInIndex = 1; lastKnownFileType = text.xcconfig; name = "Pods-Networking.debug.xcconfig"; path = "../../Pods/Target Support Files/Pods-Networking/Pods-Networking.debug.xcconfig"; sourceTree = "<group>"; };
		E1078A7025094DA400E99E22 /* AuthenticationTarget.swift */ = {isa = PBXFileReference; lastKnownFileType = sourcecode.swift; path = AuthenticationTarget.swift; sourceTree = "<group>"; };
		E1078A762509683600E99E22 /* AccountTarget.swift */ = {isa = PBXFileReference; lastKnownFileType = sourcecode.swift; path = AccountTarget.swift; sourceTree = "<group>"; };
		E12F4EDF24F313C10084EAD6 /* SessionRemoteDataSource.swift */ = {isa = PBXFileReference; lastKnownFileType = sourcecode.swift; path = SessionRemoteDataSource.swift; sourceTree = "<group>"; };
		E14441F224E0487100008203 /* Networking.framework */ = {isa = PBXFileReference; explicitFileType = wrapper.framework; includeInIndex = 0; path = Networking.framework; sourceTree = BUILT_PRODUCTS_DIR; };
		E14441F524E0487100008203 /* Networking.h */ = {isa = PBXFileReference; lastKnownFileType = sourcecode.c.h; path = Networking.h; sourceTree = "<group>"; };
		E14441F624E0487100008203 /* Info.plist */ = {isa = PBXFileReference; lastKnownFileType = text.plist.xml; path = Info.plist; sourceTree = "<group>"; };
		E14441FB24E0487100008203 /* NetworkingTests.xctest */ = {isa = PBXFileReference; explicitFileType = wrapper.cfbundle; includeInIndex = 0; path = NetworkingTests.xctest; sourceTree = BUILT_PRODUCTS_DIR; };
		E144420024E0487100008203 /* NetworkingTests.swift */ = {isa = PBXFileReference; lastKnownFileType = sourcecode.swift; path = NetworkingTests.swift; sourceTree = "<group>"; };
		E144420224E0487100008203 /* Info.plist */ = {isa = PBXFileReference; lastKnownFileType = text.plist.xml; path = Info.plist; sourceTree = "<group>"; };
		E144420F24E0498400008203 /* Localizable.strings */ = {isa = PBXFileReference; fileEncoding = 4; lastKnownFileType = text.plist.strings; path = Localizable.strings; sourceTree = "<group>"; };
		E144421324E0498400008203 /* SwiftGenStrings.swift */ = {isa = PBXFileReference; fileEncoding = 4; lastKnownFileType = sourcecode.swift; path = SwiftGenStrings.swift; sourceTree = "<group>"; };
		E144421524E0498400008203 /* Error+Ext.swift */ = {isa = PBXFileReference; fileEncoding = 4; lastKnownFileType = sourcecode.swift; path = "Error+Ext.swift"; sourceTree = "<group>"; };
		E144422C24E0498400008203 /* EnvironmentType.swift */ = {isa = PBXFileReference; fileEncoding = 4; lastKnownFileType = sourcecode.swift; path = EnvironmentType.swift; sourceTree = "<group>"; };
		E144422D24E0498400008203 /* FixturesType.swift */ = {isa = PBXFileReference; fileEncoding = 4; lastKnownFileType = sourcecode.swift; path = FixturesType.swift; sourceTree = "<group>"; };
		E144422E24E0498400008203 /* Certificates.swift */ = {isa = PBXFileReference; fileEncoding = 4; lastKnownFileType = sourcecode.swift; path = Certificates.swift; sourceTree = "<group>"; };
		E144423924E0498400008203 /* TMDBApiFriendly.swift */ = {isa = PBXFileReference; fileEncoding = 4; lastKnownFileType = sourcecode.swift; path = TMDBApiFriendly.swift; sourceTree = "<group>"; };
		E144423A24E0498400008203 /* SpecificHeaderType.swift */ = {isa = PBXFileReference; fileEncoding = 4; lastKnownFileType = sourcecode.swift; path = SpecificHeaderType.swift; sourceTree = "<group>"; };
		E144424624E0498500008203 /* UserSessionRequestHandler.swift */ = {isa = PBXFileReference; fileEncoding = 4; lastKnownFileType = sourcecode.swift; path = UserSessionRequestHandler.swift; sourceTree = "<group>"; };
		E144444D24E05A4500008203 /* AppData.framework */ = {isa = PBXFileReference; explicitFileType = wrapper.framework; path = AppData.framework; sourceTree = BUILT_PRODUCTS_DIR; };
		E144445124E05B9D00008203 /* Domain.framework */ = {isa = PBXFileReference; explicitFileType = wrapper.framework; path = Domain.framework; sourceTree = BUILT_PRODUCTS_DIR; };
		E1AA0ED124F3143200A78803 /* AccountRemoteDataSource.swift */ = {isa = PBXFileReference; lastKnownFileType = sourcecode.swift; path = AccountRemoteDataSource.swift; sourceTree = "<group>"; };
		E1E616A7250E9DF50082901D /* ErrorExtensionsTests.swift */ = {isa = PBXFileReference; lastKnownFileType = sourcecode.swift; path = ErrorExtensionsTests.swift; sourceTree = "<group>"; };
		E1E616A9250E9F050082901D /* NetworkingReachability.swift */ = {isa = PBXFileReference; lastKnownFileType = sourcecode.swift; path = NetworkingReachability.swift; sourceTree = "<group>"; };
		E1E616AC250EA0680082901D /* NetworkingReachabilityStub.swift */ = {isa = PBXFileReference; lastKnownFileType = sourcecode.swift; path = NetworkingReachabilityStub.swift; sourceTree = "<group>"; };
		E1E616AE250EA60E0082901D /* CertificatesTests.swift */ = {isa = PBXFileReference; lastKnownFileType = sourcecode.swift; path = CertificatesTests.swift; sourceTree = "<group>"; };
		E1E616B0250EA6A70082901D /* SpecificHeaderTypeTests.swift */ = {isa = PBXFileReference; lastKnownFileType = sourcecode.swift; path = SpecificHeaderTypeTests.swift; sourceTree = "<group>"; };
		E1E616B5250EA7500082901D /* FixtureTypeTests.swift */ = {isa = PBXFileReference; lastKnownFileType = sourcecode.swift; path = FixtureTypeTests.swift; sourceTree = "<group>"; };
		E1E616B7250EA8140082901D /* EnvironmentTypeTests.swift */ = {isa = PBXFileReference; lastKnownFileType = sourcecode.swift; path = EnvironmentTypeTests.swift; sourceTree = "<group>"; };
		E1E616BA250EA8F20082901D /* AccountTargetTests.swift */ = {isa = PBXFileReference; lastKnownFileType = sourcecode.swift; path = AccountTargetTests.swift; sourceTree = "<group>"; };
		E1E616BD250EAD6F0082901D /* AccountRemoteDataSourceTests.swift */ = {isa = PBXFileReference; lastKnownFileType = sourcecode.swift; path = AccountRemoteDataSourceTests.swift; sourceTree = "<group>"; };
		E1E616C0250EB9FA0082901D /* DispatcherFake.swift */ = {isa = PBXFileReference; lastKnownFileType = sourcecode.swift; path = DispatcherFake.swift; sourceTree = "<group>"; };
		E1E616C2250EBF320082901D /* SessionRemoteDataSourceTests.swift */ = {isa = PBXFileReference; lastKnownFileType = sourcecode.swift; path = SessionRemoteDataSourceTests.swift; sourceTree = "<group>"; };
		E1E616C5250EC6310082901D /* UserSessionRequestHandlerTests.swift */ = {isa = PBXFileReference; lastKnownFileType = sourcecode.swift; path = UserSessionRequestHandlerTests.swift; sourceTree = "<group>"; };
		E1E616C8250EC7AD0082901D /* SignOutSceneCoordinatorSpy.swift */ = {isa = PBXFileReference; lastKnownFileType = sourcecode.swift; path = SignOutSceneCoordinatorSpy.swift; sourceTree = "<group>"; };
		E8916CE0D7D920D7DE1D7EB2 /* Pods-Networking-NetworkingTests.release.xcconfig */ = {isa = PBXFileReference; includeInIndex = 1; lastKnownFileType = text.xcconfig; name = "Pods-Networking-NetworkingTests.release.xcconfig"; path = "../../Pods/Target Support Files/Pods-Networking-NetworkingTests/Pods-Networking-NetworkingTests.release.xcconfig"; sourceTree = "<group>"; };
/* End PBXFileReference section */

/* Begin PBXFrameworksBuildPhase section */
		E14441EF24E0487100008203 /* Frameworks */ = {
			isa = PBXFrameworksBuildPhase;
			buildActionMask = 2147483647;
			files = (
				E144445224E05B9D00008203 /* Domain.framework in Frameworks */,
				E144444E24E05A4500008203 /* AppData.framework in Frameworks */,
				58371008283A69C4C3CF2B9C /* Pods_Networking.framework in Frameworks */,
			);
			runOnlyForDeploymentPostprocessing = 0;
		};
		E14441F824E0487100008203 /* Frameworks */ = {
			isa = PBXFrameworksBuildPhase;
			buildActionMask = 2147483647;
			files = (
				E14441FC24E0487100008203 /* Networking.framework in Frameworks */,
				CE0ECADD613E643232FAECC3 /* Pods_Networking_NetworkingTests.framework in Frameworks */,
			);
			runOnlyForDeploymentPostprocessing = 0;
		};
/* End PBXFrameworksBuildPhase section */

/* Begin PBXGroup section */
		2A26DDD9AE4695E2D92671FF /* Pods */ = {
			isa = PBXGroup;
			children = (
				CF1636E48E2398A32AE9191B /* Pods-Networking.debug.xcconfig */,
				C6324D10263D1DA3842DE169 /* Pods-Networking.release.xcconfig */,
				BB4AFC0A6A35EFBC0832D710 /* Pods-Networking-NetworkingTests.debug.xcconfig */,
				E8916CE0D7D920D7DE1D7EB2 /* Pods-Networking-NetworkingTests.release.xcconfig */,
			);
			name = Pods;
			path = ../Pods;
			sourceTree = "<group>";
		};
		AD998304F685C3FD0738CB38 /* Frameworks */ = {
			isa = PBXGroup;
			children = (
				E144445124E05B9D00008203 /* Domain.framework */,
				E144444D24E05A4500008203 /* AppData.framework */,
				783F8E3E9CC6F69E513C14E3 /* Pods_Networking.framework */,
				4FC6A6359A7DFE316C2141EB /* Pods_Networking_NetworkingTests.framework */,
			);
			name = Frameworks;
			sourceTree = "<group>";
		};
		E14441E824E0487100008203 = {
			isa = PBXGroup;
			children = (
				E14441F424E0487100008203 /* Networking */,
				E14441FF24E0487100008203 /* NetworkingTests */,
				E14441F324E0487100008203 /* Products */,
				2A26DDD9AE4695E2D92671FF /* Pods */,
				AD998304F685C3FD0738CB38 /* Frameworks */,
			);
			sourceTree = "<group>";
		};
		E14441F324E0487100008203 /* Products */ = {
			isa = PBXGroup;
			children = (
				E14441F224E0487100008203 /* Networking.framework */,
				E14441FB24E0487100008203 /* NetworkingTests.xctest */,
			);
			name = Products;
			sourceTree = "<group>";
		};
		E14441F424E0487100008203 /* Networking */ = {
			isa = PBXGroup;
			children = (
				E144421924E0498400008203 /* DataSources */,
				E144420C24E0498400008203 /* Dispatchers */,
				E144424424E0498500008203 /* Handlers */,
				E144421024E0498400008203 /* Helpers */,
				E144420E24E0498400008203 /* Resources */,
				E144422B24E0498400008203 /* Service */,
				E144424224E0498400008203 /* Supporting Files */,
				E144423024E0498400008203 /* Targets */,
				E14441F524E0487100008203 /* Networking.h */,
			);
			path = Networking;
			sourceTree = "<group>";
		};
		E14441FF24E0487100008203 /* NetworkingTests */ = {
			isa = PBXGroup;
			children = (
				E1E616C7250EC7970082901D /* Coordinators */,
				E1E616BF250EB9EE0082901D /* Dispatcher */,
				E1E616AB250E9FE20082901D /* Service */,
				E1E616A6250E9DC60082901D /* TestCases */,
				E144420224E0487100008203 /* Info.plist */,
			);
			path = NetworkingTests;
			sourceTree = "<group>";
		};
		E144420C24E0498400008203 /* Dispatchers */ = {
			isa = PBXGroup;
			children = (
			);
			path = Dispatchers;
			sourceTree = "<group>";
		};
		E144420E24E0498400008203 /* Resources */ = {
			isa = PBXGroup;
			children = (
				E144420F24E0498400008203 /* Localizable.strings */,
			);
			path = Resources;
			sourceTree = "<group>";
		};
		E144421024E0498400008203 /* Helpers */ = {
			isa = PBXGroup;
			children = (
				E144421124E0498400008203 /* Constants */,
				E144421424E0498400008203 /* Extensions */,
			);
			path = Helpers;
			sourceTree = "<group>";
		};
		E144421124E0498400008203 /* Constants */ = {
			isa = PBXGroup;
			children = (
				E144421224E0498400008203 /* Generated */,
			);
			path = Constants;
			sourceTree = "<group>";
		};
		E144421224E0498400008203 /* Generated */ = {
			isa = PBXGroup;
			children = (
				E144421324E0498400008203 /* SwiftGenStrings.swift */,
			);
			path = Generated;
			sourceTree = "<group>";
		};
		E144421424E0498400008203 /* Extensions */ = {
			isa = PBXGroup;
			children = (
				E144421524E0498400008203 /* Error+Ext.swift */,
			);
			path = Extensions;
			sourceTree = "<group>";
		};
		E144421924E0498400008203 /* DataSources */ = {
			isa = PBXGroup;
			children = (
				E12F4EDF24F313C10084EAD6 /* SessionRemoteDataSource.swift */,
				E1AA0ED124F3143200A78803 /* AccountRemoteDataSource.swift */,
			);
			path = DataSources;
			sourceTree = "<group>";
		};
		E144422B24E0498400008203 /* Service */ = {
			isa = PBXGroup;
			children = (
				E144422C24E0498400008203 /* EnvironmentType.swift */,
				E144422D24E0498400008203 /* FixturesType.swift */,
				E144422E24E0498400008203 /* Certificates.swift */,
				E1E616A9250E9F050082901D /* NetworkingReachability.swift */,
			);
			path = Service;
			sourceTree = "<group>";
		};
		E144423024E0498400008203 /* Targets */ = {
			isa = PBXGroup;
			children = (
				E144423924E0498400008203 /* TMDBApiFriendly.swift */,
				E144423A24E0498400008203 /* SpecificHeaderType.swift */,
				E1078A7025094DA400E99E22 /* AuthenticationTarget.swift */,
				E1078A762509683600E99E22 /* AccountTarget.swift */,
			);
			path = Targets;
			sourceTree = "<group>";
		};
		E144424224E0498400008203 /* Supporting Files */ = {
			isa = PBXGroup;
			children = (
				E14441F624E0487100008203 /* Info.plist */,
			);
			path = "Supporting Files";
			sourceTree = "<group>";
		};
		E144424424E0498500008203 /* Handlers */ = {
			isa = PBXGroup;
			children = (
				E144424624E0498500008203 /* UserSessionRequestHandler.swift */,
			);
			path = Handlers;
			sourceTree = "<group>";
		};
		E1E616A6250E9DC60082901D /* TestCases */ = {
			isa = PBXGroup;
			children = (
				E1E616C4250EC6200082901D /* Handlers */,
				E1E616BC250EAD620082901D /* Datasources */,
				E1E616B9250EA8E60082901D /* Targets */,
				E144420024E0487100008203 /* NetworkingTests.swift */,
				E1E616B3250EA6C90082901D /* Helpers */,
				E1E616B2250EA6BC0082901D /* Services */,
			);
			path = TestCases;
			sourceTree = "<group>";
		};
		E1E616AB250E9FE20082901D /* Service */ = {
			isa = PBXGroup;
			children = (
				E1E616AC250EA0680082901D /* NetworkingReachabilityStub.swift */,
			);
			path = Service;
			sourceTree = "<group>";
		};
		E1E616B2250EA6BC0082901D /* Services */ = {
			isa = PBXGroup;
			children = (
				E1E616AE250EA60E0082901D /* CertificatesTests.swift */,
				E1E616B0250EA6A70082901D /* SpecificHeaderTypeTests.swift */,
				E1E616B5250EA7500082901D /* FixtureTypeTests.swift */,
				E1E616B7250EA8140082901D /* EnvironmentTypeTests.swift */,
			);
			path = Services;
			sourceTree = "<group>";
		};
		E1E616B3250EA6C90082901D /* Helpers */ = {
			isa = PBXGroup;
			children = (
				E1E616B4250EA6CF0082901D /* Extensions */,
			);
			path = Helpers;
			sourceTree = "<group>";
		};
		E1E616B4250EA6CF0082901D /* Extensions */ = {
			isa = PBXGroup;
			children = (
				E1E616A7250E9DF50082901D /* ErrorExtensionsTests.swift */,
			);
			path = Extensions;
			sourceTree = "<group>";
		};
		E1E616B9250EA8E60082901D /* Targets */ = {
			isa = PBXGroup;
			children = (
				E1E616BA250EA8F20082901D /* AccountTargetTests.swift */,
			);
			path = Targets;
			sourceTree = "<group>";
		};
		E1E616BC250EAD620082901D /* Datasources */ = {
			isa = PBXGroup;
			children = (
				E1E616BD250EAD6F0082901D /* AccountRemoteDataSourceTests.swift */,
				E1E616C2250EBF320082901D /* SessionRemoteDataSourceTests.swift */,
			);
			path = Datasources;
			sourceTree = "<group>";
		};
		E1E616BF250EB9EE0082901D /* Dispatcher */ = {
			isa = PBXGroup;
			children = (
				E1E616C0250EB9FA0082901D /* DispatcherFake.swift */,
			);
			path = Dispatcher;
			sourceTree = "<group>";
		};
		E1E616C4250EC6200082901D /* Handlers */ = {
			isa = PBXGroup;
			children = (
				E1E616C5250EC6310082901D /* UserSessionRequestHandlerTests.swift */,
			);
			path = Handlers;
			sourceTree = "<group>";
		};
		E1E616C7250EC7970082901D /* Coordinators */ = {
			isa = PBXGroup;
			children = (
				E1E616C8250EC7AD0082901D /* SignOutSceneCoordinatorSpy.swift */,
			);
			path = Coordinators;
			sourceTree = "<group>";
		};
/* End PBXGroup section */

/* Begin PBXHeadersBuildPhase section */
		E14441ED24E0487100008203 /* Headers */ = {
			isa = PBXHeadersBuildPhase;
			buildActionMask = 2147483647;
			files = (
				E144420324E0487100008203 /* Networking.h in Headers */,
			);
			runOnlyForDeploymentPostprocessing = 0;
		};
/* End PBXHeadersBuildPhase section */

/* Begin PBXNativeTarget section */
		E14441F124E0487100008203 /* Networking */ = {
			isa = PBXNativeTarget;
			buildConfigurationList = E144420624E0487100008203 /* Build configuration list for PBXNativeTarget "Networking" */;
			buildPhases = (
				5CB0F05837F2F4955B08E6C9 /* [CP] Check Pods Manifest.lock */,
				E14441ED24E0487100008203 /* Headers */,
				E14441EE24E0487100008203 /* Sources */,
				E14441EF24E0487100008203 /* Frameworks */,
				E14441F024E0487100008203 /* Resources */,
			);
			buildRules = (
			);
			dependencies = (
			);
			name = Networking;
			productName = Networking;
			productReference = E14441F224E0487100008203 /* Networking.framework */;
			productType = "com.apple.product-type.framework";
		};
		E14441FA24E0487100008203 /* NetworkingTests */ = {
			isa = PBXNativeTarget;
			buildConfigurationList = E144420924E0487100008203 /* Build configuration list for PBXNativeTarget "NetworkingTests" */;
			buildPhases = (
				3FB1F37F2D622B624A2CE94E /* [CP] Check Pods Manifest.lock */,
				E14441F724E0487100008203 /* Sources */,
				E14441F824E0487100008203 /* Frameworks */,
				E14441F924E0487100008203 /* Resources */,
				B5A29D5CD6526DB3617FBBDD /* [CP] Embed Pods Frameworks */,
			);
			buildRules = (
			);
			dependencies = (
				E14441FE24E0487100008203 /* PBXTargetDependency */,
			);
			name = NetworkingTests;
			productName = NetworkingTests;
			productReference = E14441FB24E0487100008203 /* NetworkingTests.xctest */;
			productType = "com.apple.product-type.bundle.unit-test";
		};
/* End PBXNativeTarget section */

/* Begin PBXProject section */
		E14441E924E0487100008203 /* Project object */ = {
			isa = PBXProject;
			attributes = {
				LastSwiftUpdateCheck = 1160;
				LastUpgradeCheck = 1200;
				ORGANIZATIONNAME = dias;
				TargetAttributes = {
					E14441F124E0487100008203 = {
						CreatedOnToolsVersion = 11.6;
					};
					E14441FA24E0487100008203 = {
						CreatedOnToolsVersion = 11.6;
					};
				};
			};
			buildConfigurationList = E14441EC24E0487100008203 /* Build configuration list for PBXProject "Networking" */;
			compatibilityVersion = "Xcode 9.3";
			developmentRegion = en;
			hasScannedForEncodings = 0;
			knownRegions = (
				en,
				Base,
			);
			mainGroup = E14441E824E0487100008203;
			productRefGroup = E14441F324E0487100008203 /* Products */;
			projectDirPath = "";
			projectRoot = "";
			targets = (
				E14441F124E0487100008203 /* Networking */,
				E14441FA24E0487100008203 /* NetworkingTests */,
			);
		};
/* End PBXProject section */

/* Begin PBXResourcesBuildPhase section */
		E14441F024E0487100008203 /* Resources */ = {
			isa = PBXResourcesBuildPhase;
			buildActionMask = 2147483647;
			files = (
				E144424924E0498500008203 /* Localizable.strings in Resources */,
			);
			runOnlyForDeploymentPostprocessing = 0;
		};
		E14441F924E0487100008203 /* Resources */ = {
			isa = PBXResourcesBuildPhase;
			buildActionMask = 2147483647;
			files = (
			);
			runOnlyForDeploymentPostprocessing = 0;
		};
/* End PBXResourcesBuildPhase section */

/* Begin PBXShellScriptBuildPhase section */
		3FB1F37F2D622B624A2CE94E /* [CP] Check Pods Manifest.lock */ = {
			isa = PBXShellScriptBuildPhase;
			buildActionMask = 2147483647;
			files = (
			);
			inputFileListPaths = (
			);
			inputPaths = (
				"${PODS_PODFILE_DIR_PATH}/Podfile.lock",
				"${PODS_ROOT}/Manifest.lock",
			);
			name = "[CP] Check Pods Manifest.lock";
			outputFileListPaths = (
			);
			outputPaths = (
				"$(DERIVED_FILE_DIR)/Pods-Networking-NetworkingTests-checkManifestLockResult.txt",
			);
			runOnlyForDeploymentPostprocessing = 0;
			shellPath = /bin/sh;
			shellScript = "diff \"${PODS_PODFILE_DIR_PATH}/Podfile.lock\" \"${PODS_ROOT}/Manifest.lock\" > /dev/null\nif [ $? != 0 ] ; then\n    # print error to STDERR\n    echo \"error: The sandbox is not in sync with the Podfile.lock. Run 'pod install' or update your CocoaPods installation.\" >&2\n    exit 1\nfi\n# This output is used by Xcode 'outputs' to avoid re-running this script phase.\necho \"SUCCESS\" > \"${SCRIPT_OUTPUT_FILE_0}\"\n";
			showEnvVarsInLog = 0;
		};
		5CB0F05837F2F4955B08E6C9 /* [CP] Check Pods Manifest.lock */ = {
			isa = PBXShellScriptBuildPhase;
			buildActionMask = 2147483647;
			files = (
			);
			inputFileListPaths = (
			);
			inputPaths = (
				"${PODS_PODFILE_DIR_PATH}/Podfile.lock",
				"${PODS_ROOT}/Manifest.lock",
			);
			name = "[CP] Check Pods Manifest.lock";
			outputFileListPaths = (
			);
			outputPaths = (
				"$(DERIVED_FILE_DIR)/Pods-Networking-checkManifestLockResult.txt",
			);
			runOnlyForDeploymentPostprocessing = 0;
			shellPath = /bin/sh;
			shellScript = "diff \"${PODS_PODFILE_DIR_PATH}/Podfile.lock\" \"${PODS_ROOT}/Manifest.lock\" > /dev/null\nif [ $? != 0 ] ; then\n    # print error to STDERR\n    echo \"error: The sandbox is not in sync with the Podfile.lock. Run 'pod install' or update your CocoaPods installation.\" >&2\n    exit 1\nfi\n# This output is used by Xcode 'outputs' to avoid re-running this script phase.\necho \"SUCCESS\" > \"${SCRIPT_OUTPUT_FILE_0}\"\n";
			showEnvVarsInLog = 0;
		};
		B5A29D5CD6526DB3617FBBDD /* [CP] Embed Pods Frameworks */ = {
			isa = PBXShellScriptBuildPhase;
			buildActionMask = 2147483647;
			files = (
			);
			inputFileListPaths = (
				"${PODS_ROOT}/Target Support Files/Pods-Networking-NetworkingTests/Pods-Networking-NetworkingTests-frameworks-${CONFIGURATION}-input-files.xcfilelist",
			);
			name = "[CP] Embed Pods Frameworks";
			outputFileListPaths = (
				"${PODS_ROOT}/Target Support Files/Pods-Networking-NetworkingTests/Pods-Networking-NetworkingTests-frameworks-${CONFIGURATION}-output-files.xcfilelist",
			);
			runOnlyForDeploymentPostprocessing = 0;
			shellPath = /bin/sh;
			shellScript = "\"${PODS_ROOT}/Target Support Files/Pods-Networking-NetworkingTests/Pods-Networking-NetworkingTests-frameworks.sh\"\n";
			showEnvVarsInLog = 0;
		};
/* End PBXShellScriptBuildPhase section */

/* Begin PBXSourcesBuildPhase section */
		E14441EE24E0487100008203 /* Sources */ = {
			isa = PBXSourcesBuildPhase;
			buildActionMask = 2147483647;
			files = (
				E12F4EE024F313C10084EAD6 /* SessionRemoteDataSource.swift in Sources */,
				E144426124E0498500008203 /* FixturesType.swift in Sources */,
				E1AA0ED224F3143200A78803 /* AccountRemoteDataSource.swift in Sources */,
				E144424B24E0498500008203 /* Error+Ext.swift in Sources */,
				E144426C24E0498500008203 /* TMDBApiFriendly.swift in Sources */,
				E1078A7125094DA400E99E22 /* AuthenticationTarget.swift in Sources */,
				E144426024E0498500008203 /* EnvironmentType.swift in Sources */,
				E144427724E0498500008203 /* UserSessionRequestHandler.swift in Sources */,
				E144424A24E0498500008203 /* SwiftGenStrings.swift in Sources */,
				E144426224E0498500008203 /* Certificates.swift in Sources */,
				E1078A772509683600E99E22 /* AccountTarget.swift in Sources */,
				E144426D24E0498500008203 /* SpecificHeaderType.swift in Sources */,
				E1E616AA250E9F050082901D /* NetworkingReachability.swift in Sources */,
			);
			runOnlyForDeploymentPostprocessing = 0;
		};
		E14441F724E0487100008203 /* Sources */ = {
			isa = PBXSourcesBuildPhase;
			buildActionMask = 2147483647;
			files = (
				E1E616C6250EC6310082901D /* UserSessionRequestHandlerTests.swift in Sources */,
				E1E616B1250EA6A70082901D /* SpecificHeaderTypeTests.swift in Sources */,
				E1E616A8250E9DF50082901D /* ErrorExtensionsTests.swift in Sources */,
				E1E616BB250EA8F20082901D /* AccountTargetTests.swift in Sources */,
				E1E616AD250EA0680082901D /* NetworkingReachabilityStub.swift in Sources */,
				E1E616B6250EA7500082901D /* FixtureTypeTests.swift in Sources */,
				E1E616BE250EAD6F0082901D /* AccountRemoteDataSourceTests.swift in Sources */,
				E1E616C9250EC7AD0082901D /* SignOutSceneCoordinatorSpy.swift in Sources */,
				E144420124E0487100008203 /* NetworkingTests.swift in Sources */,
				E1E616C3250EBF320082901D /* SessionRemoteDataSourceTests.swift in Sources */,
				E1E616C1250EB9FA0082901D /* DispatcherFake.swift in Sources */,
				E1E616B8250EA8140082901D /* EnvironmentTypeTests.swift in Sources */,
				E1E616AF250EA60E0082901D /* CertificatesTests.swift in Sources */,
			);
			runOnlyForDeploymentPostprocessing = 0;
		};
/* End PBXSourcesBuildPhase section */

/* Begin PBXTargetDependency section */
		E14441FE24E0487100008203 /* PBXTargetDependency */ = {
			isa = PBXTargetDependency;
			target = E14441F124E0487100008203 /* Networking */;
			targetProxy = E14441FD24E0487100008203 /* PBXContainerItemProxy */;
		};
/* End PBXTargetDependency section */

/* Begin XCBuildConfiguration section */
		E144420424E0487100008203 /* Debug */ = {
			isa = XCBuildConfiguration;
			buildSettings = {
				ALWAYS_SEARCH_USER_PATHS = NO;
				CLANG_ANALYZER_NONNULL = YES;
				CLANG_ANALYZER_NUMBER_OBJECT_CONVERSION = YES_AGGRESSIVE;
				CLANG_CXX_LANGUAGE_STANDARD = "gnu++14";
				CLANG_CXX_LIBRARY = "libc++";
				CLANG_ENABLE_MODULES = YES;
				CLANG_ENABLE_OBJC_ARC = YES;
				CLANG_ENABLE_OBJC_WEAK = YES;
				CLANG_WARN_BLOCK_CAPTURE_AUTORELEASING = YES;
				CLANG_WARN_BOOL_CONVERSION = YES;
				CLANG_WARN_COMMA = YES;
				CLANG_WARN_CONSTANT_CONVERSION = YES;
				CLANG_WARN_DEPRECATED_OBJC_IMPLEMENTATIONS = YES;
				CLANG_WARN_DIRECT_OBJC_ISA_USAGE = YES_ERROR;
				CLANG_WARN_DOCUMENTATION_COMMENTS = YES;
				CLANG_WARN_EMPTY_BODY = YES;
				CLANG_WARN_ENUM_CONVERSION = YES;
				CLANG_WARN_INFINITE_RECURSION = YES;
				CLANG_WARN_INT_CONVERSION = YES;
				CLANG_WARN_NON_LITERAL_NULL_CONVERSION = YES;
				CLANG_WARN_OBJC_IMPLICIT_RETAIN_SELF = YES;
				CLANG_WARN_OBJC_LITERAL_CONVERSION = YES;
				CLANG_WARN_OBJC_ROOT_CLASS = YES_ERROR;
				CLANG_WARN_QUOTED_INCLUDE_IN_FRAMEWORK_HEADER = YES;
				CLANG_WARN_RANGE_LOOP_ANALYSIS = YES;
				CLANG_WARN_STRICT_PROTOTYPES = YES;
				CLANG_WARN_SUSPICIOUS_MOVE = YES;
				CLANG_WARN_UNGUARDED_AVAILABILITY = YES_AGGRESSIVE;
				CLANG_WARN_UNREACHABLE_CODE = YES;
				CLANG_WARN__DUPLICATE_METHOD_MATCH = YES;
				COPY_PHASE_STRIP = NO;
				CURRENT_PROJECT_VERSION = 1;
				DEBUG_INFORMATION_FORMAT = dwarf;
				ENABLE_STRICT_OBJC_MSGSEND = YES;
				ENABLE_TESTABILITY = YES;
				GCC_C_LANGUAGE_STANDARD = gnu11;
				GCC_DYNAMIC_NO_PIC = NO;
				GCC_NO_COMMON_BLOCKS = YES;
				GCC_OPTIMIZATION_LEVEL = 0;
				GCC_PREPROCESSOR_DEFINITIONS = (
					"DEBUG=1",
					"$(inherited)",
				);
				GCC_WARN_64_TO_32_BIT_CONVERSION = YES;
				GCC_WARN_ABOUT_RETURN_TYPE = YES_ERROR;
				GCC_WARN_UNDECLARED_SELECTOR = YES;
				GCC_WARN_UNINITIALIZED_AUTOS = YES_AGGRESSIVE;
				GCC_WARN_UNUSED_FUNCTION = YES;
				GCC_WARN_UNUSED_VARIABLE = YES;
				IPHONEOS_DEPLOYMENT_TARGET = 13.0;
				MTL_ENABLE_DEBUG_INFO = INCLUDE_SOURCE;
				MTL_FAST_MATH = YES;
				ONLY_ACTIVE_ARCH = YES;
				SDKROOT = iphoneos;
				SWIFT_ACTIVE_COMPILATION_CONDITIONS = DEBUG;
				SWIFT_OPTIMIZATION_LEVEL = "-Onone";
				VERSIONING_SYSTEM = "apple-generic";
				VERSION_INFO_PREFIX = "";
			};
			name = Debug;
		};
		E144420524E0487100008203 /* Release */ = {
			isa = XCBuildConfiguration;
			buildSettings = {
				ALWAYS_SEARCH_USER_PATHS = NO;
				CLANG_ANALYZER_NONNULL = YES;
				CLANG_ANALYZER_NUMBER_OBJECT_CONVERSION = YES_AGGRESSIVE;
				CLANG_CXX_LANGUAGE_STANDARD = "gnu++14";
				CLANG_CXX_LIBRARY = "libc++";
				CLANG_ENABLE_MODULES = YES;
				CLANG_ENABLE_OBJC_ARC = YES;
				CLANG_ENABLE_OBJC_WEAK = YES;
				CLANG_WARN_BLOCK_CAPTURE_AUTORELEASING = YES;
				CLANG_WARN_BOOL_CONVERSION = YES;
				CLANG_WARN_COMMA = YES;
				CLANG_WARN_CONSTANT_CONVERSION = YES;
				CLANG_WARN_DEPRECATED_OBJC_IMPLEMENTATIONS = YES;
				CLANG_WARN_DIRECT_OBJC_ISA_USAGE = YES_ERROR;
				CLANG_WARN_DOCUMENTATION_COMMENTS = YES;
				CLANG_WARN_EMPTY_BODY = YES;
				CLANG_WARN_ENUM_CONVERSION = YES;
				CLANG_WARN_INFINITE_RECURSION = YES;
				CLANG_WARN_INT_CONVERSION = YES;
				CLANG_WARN_NON_LITERAL_NULL_CONVERSION = YES;
				CLANG_WARN_OBJC_IMPLICIT_RETAIN_SELF = YES;
				CLANG_WARN_OBJC_LITERAL_CONVERSION = YES;
				CLANG_WARN_OBJC_ROOT_CLASS = YES_ERROR;
				CLANG_WARN_QUOTED_INCLUDE_IN_FRAMEWORK_HEADER = YES;
				CLANG_WARN_RANGE_LOOP_ANALYSIS = YES;
				CLANG_WARN_STRICT_PROTOTYPES = YES;
				CLANG_WARN_SUSPICIOUS_MOVE = YES;
				CLANG_WARN_UNGUARDED_AVAILABILITY = YES_AGGRESSIVE;
				CLANG_WARN_UNREACHABLE_CODE = YES;
				CLANG_WARN__DUPLICATE_METHOD_MATCH = YES;
				COPY_PHASE_STRIP = NO;
				CURRENT_PROJECT_VERSION = 1;
				DEBUG_INFORMATION_FORMAT = "dwarf-with-dsym";
				ENABLE_NS_ASSERTIONS = NO;
				ENABLE_STRICT_OBJC_MSGSEND = YES;
				GCC_C_LANGUAGE_STANDARD = gnu11;
				GCC_NO_COMMON_BLOCKS = YES;
				GCC_WARN_64_TO_32_BIT_CONVERSION = YES;
				GCC_WARN_ABOUT_RETURN_TYPE = YES_ERROR;
				GCC_WARN_UNDECLARED_SELECTOR = YES;
				GCC_WARN_UNINITIALIZED_AUTOS = YES_AGGRESSIVE;
				GCC_WARN_UNUSED_FUNCTION = YES;
				GCC_WARN_UNUSED_VARIABLE = YES;
				IPHONEOS_DEPLOYMENT_TARGET = 13.0;
				MTL_ENABLE_DEBUG_INFO = NO;
				MTL_FAST_MATH = YES;
				SDKROOT = iphoneos;
				SWIFT_COMPILATION_MODE = wholemodule;
				SWIFT_OPTIMIZATION_LEVEL = "-O";
				VALIDATE_PRODUCT = YES;
				VERSIONING_SYSTEM = "apple-generic";
				VERSION_INFO_PREFIX = "";
			};
			name = Release;
		};
		E144420724E0487100008203 /* Debug */ = {
			isa = XCBuildConfiguration;
			baseConfigurationReference = CF1636E48E2398A32AE9191B /* Pods-Networking.debug.xcconfig */;
			buildSettings = {
				CODE_SIGN_STYLE = Automatic;
				DEFINES_MODULE = YES;
				DEVELOPMENT_TEAM = KYWC2RHW78;
				DYLIB_COMPATIBILITY_VERSION = 1;
				DYLIB_CURRENT_VERSION = 1;
				DYLIB_INSTALL_NAME_BASE = "@rpath";
				INFOPLIST_FILE = "$(SRCROOT)/Networking/Supporting Files/Info.plist";
				INSTALL_PATH = "$(LOCAL_LIBRARY_DIR)/Frameworks";
				IPHONEOS_DEPLOYMENT_TARGET = 13.0;
				LD_RUNPATH_SEARCH_PATHS = (
					"$(inherited)",
					"@executable_path/Frameworks",
					"@loader_path/Frameworks",
				);
				PRODUCT_BUNDLE_IDENTIFIER = br.com.dias.udtm.networking;
				PRODUCT_NAME = "$(TARGET_NAME:c99extidentifier)";
				SKIP_INSTALL = YES;
				SWIFT_VERSION = 5.0;
				TARGETED_DEVICE_FAMILY = "1,2";
			};
			name = Debug;
		};
		E144420824E0487100008203 /* Release */ = {
			isa = XCBuildConfiguration;
			baseConfigurationReference = C6324D10263D1DA3842DE169 /* Pods-Networking.release.xcconfig */;
			buildSettings = {
				CODE_SIGN_STYLE = Automatic;
				DEFINES_MODULE = YES;
				DEVELOPMENT_TEAM = KYWC2RHW78;
				DYLIB_COMPATIBILITY_VERSION = 1;
				DYLIB_CURRENT_VERSION = 1;
				DYLIB_INSTALL_NAME_BASE = "@rpath";
				INFOPLIST_FILE = "$(SRCROOT)/Networking/Supporting Files/Info.plist";
				INSTALL_PATH = "$(LOCAL_LIBRARY_DIR)/Frameworks";
				IPHONEOS_DEPLOYMENT_TARGET = 13.0;
				LD_RUNPATH_SEARCH_PATHS = (
					"$(inherited)",
					"@executable_path/Frameworks",
					"@loader_path/Frameworks",
				);
				PRODUCT_BUNDLE_IDENTIFIER = br.com.dias.udtm.networking;
				PRODUCT_NAME = "$(TARGET_NAME:c99extidentifier)";
				SKIP_INSTALL = YES;
				SWIFT_VERSION = 5.0;
				TARGETED_DEVICE_FAMILY = "1,2";
			};
			name = Release;
		};
		E144420A24E0487100008203 /* Debug */ = {
			isa = XCBuildConfiguration;
			baseConfigurationReference = BB4AFC0A6A35EFBC0832D710 /* Pods-Networking-NetworkingTests.debug.xcconfig */;
			buildSettings = {
				CODE_SIGN_STYLE = Automatic;
				DEVELOPMENT_TEAM = KYWC2RHW78;
				INFOPLIST_FILE = NetworkingTests/Info.plist;
				LD_RUNPATH_SEARCH_PATHS = (
					"$(inherited)",
					"@executable_path/Frameworks",
					"@loader_path/Frameworks",
				);
				PRODUCT_BUNDLE_IDENTIFIER = br.com.dias.udtm.networking.tests;
				PRODUCT_NAME = "$(TARGET_NAME)";
				SWIFT_VERSION = 5.0;
				TARGETED_DEVICE_FAMILY = "1,2";
			};
			name = Debug;
		};
		E144420B24E0487100008203 /* Release */ = {
			isa = XCBuildConfiguration;
			baseConfigurationReference = E8916CE0D7D920D7DE1D7EB2 /* Pods-Networking-NetworkingTests.release.xcconfig */;
			buildSettings = {
				CODE_SIGN_STYLE = Automatic;
				DEVELOPMENT_TEAM = KYWC2RHW78;
				INFOPLIST_FILE = NetworkingTests/Info.plist;
				LD_RUNPATH_SEARCH_PATHS = (
					"$(inherited)",
					"@executable_path/Frameworks",
					"@loader_path/Frameworks",
				);
				PRODUCT_BUNDLE_IDENTIFIER = br.com.dias.udtm.networking.tests;
				PRODUCT_NAME = "$(TARGET_NAME)";
				SWIFT_VERSION = 5.0;
				TARGETED_DEVICE_FAMILY = "1,2";
			};
			name = Release;
		};
/* End XCBuildConfiguration section */

/* Begin XCConfigurationList section */
		E14441EC24E0487100008203 /* Build configuration list for PBXProject "Networking" */ = {
			isa = XCConfigurationList;
			buildConfigurations = (
				E144420424E0487100008203 /* Debug */,
				E144420524E0487100008203 /* Release */,
			);
			defaultConfigurationIsVisible = 0;
			defaultConfigurationName = Release;
		};
		E144420624E0487100008203 /* Build configuration list for PBXNativeTarget "Networking" */ = {
			isa = XCConfigurationList;
			buildConfigurations = (
				E144420724E0487100008203 /* Debug */,
				E144420824E0487100008203 /* Release */,
			);
			defaultConfigurationIsVisible = 0;
			defaultConfigurationName = Release;
		};
		E144420924E0487100008203 /* Build configuration list for PBXNativeTarget "NetworkingTests" */ = {
			isa = XCConfigurationList;
			buildConfigurations = (
				E144420A24E0487100008203 /* Debug */,
				E144420B24E0487100008203 /* Release */,
			);
			defaultConfigurationIsVisible = 0;
			defaultConfigurationName = Release;
		};
/* End XCConfigurationList section */
	};
	rootObject = E14441E924E0487100008203 /* Project object */;
}
