// !$*UTF8*$!
{
	archiveVersion = 1;
	classes = {
	};
	objectVersion = 51;
	objects = {

/* Begin PBXBuildFile section */
		9BC608885A3400F9558B0118 /* Pods_UDMTTargets_UDTM.framework in Frameworks */ = {isa = PBXBuildFile; fileRef = 7FAB38A057B49883E3475191 /* Pods_UDMTTargets_UDTM.framework */; };
		B6E762C77E7B6561BD3D582A /* Pods_UDTMTests.framework in Frameworks */ = {isa = PBXBuildFile; fileRef = 21C38BE4F72E3CB4690953A6 /* Pods_UDTMTests.framework */; };
		E144450E24E078EA00008203 /* Domain.framework in Frameworks */ = {isa = PBXBuildFile; fileRef = E144450D24E078EA00008203 /* Domain.framework */; };
		E144450F24E078EA00008203 /* Domain.framework in Embed Frameworks */ = {isa = PBXBuildFile; fileRef = E144450D24E078EA00008203 /* Domain.framework */; settings = {ATTRIBUTES = (CodeSignOnCopy, RemoveHeadersOnCopy, ); }; };
		E144451224E078F200008203 /* AppData.framework in Frameworks */ = {isa = PBXBuildFile; fileRef = E144451124E078F200008203 /* AppData.framework */; };
		E144451324E078F200008203 /* AppData.framework in Embed Frameworks */ = {isa = PBXBuildFile; fileRef = E144451124E078F200008203 /* AppData.framework */; settings = {ATTRIBUTES = (CodeSignOnCopy, RemoveHeadersOnCopy, ); }; };
		E144451524E078FC00008203 /* Storage.framework in Frameworks */ = {isa = PBXBuildFile; fileRef = E144451424E078FC00008203 /* Storage.framework */; };
		E144451624E078FC00008203 /* Storage.framework in Embed Frameworks */ = {isa = PBXBuildFile; fileRef = E144451424E078FC00008203 /* Storage.framework */; settings = {ATTRIBUTES = (CodeSignOnCopy, RemoveHeadersOnCopy, ); }; };
		E144451824E0790500008203 /* Networking.framework in Frameworks */ = {isa = PBXBuildFile; fileRef = E144451724E0790500008203 /* Networking.framework */; };
		E144451924E0790500008203 /* Networking.framework in Embed Frameworks */ = {isa = PBXBuildFile; fileRef = E144451724E0790500008203 /* Networking.framework */; settings = {ATTRIBUTES = (CodeSignOnCopy, RemoveHeadersOnCopy, ); }; };
		E145727724DF508C0026D925 /* AppDelegate.swift in Sources */ = {isa = PBXBuildFile; fileRef = E145727624DF508C0026D925 /* AppDelegate.swift */; };
		E145727B24DF508C0026D925 /* ViewController.swift in Sources */ = {isa = PBXBuildFile; fileRef = E145727A24DF508C0026D925 /* ViewController.swift */; };
		E145727E24DF508C0026D925 /* Main.storyboard in Resources */ = {isa = PBXBuildFile; fileRef = E145727C24DF508C0026D925 /* Main.storyboard */; };
		E145728024DF508E0026D925 /* Assets.xcassets in Resources */ = {isa = PBXBuildFile; fileRef = E145727F24DF508E0026D925 /* Assets.xcassets */; };
		E145728324DF508E0026D925 /* LaunchScreen.storyboard in Resources */ = {isa = PBXBuildFile; fileRef = E145728124DF508E0026D925 /* LaunchScreen.storyboard */; };
		E145728E24DF508E0026D925 /* UDTMTests.swift in Sources */ = {isa = PBXBuildFile; fileRef = E145728D24DF508E0026D925 /* UDTMTests.swift */; };
		E145729924DF508E0026D925 /* UDTMUITests.swift in Sources */ = {isa = PBXBuildFile; fileRef = E145729824DF508E0026D925 /* UDTMUITests.swift */; };
		E14A076D24E4B99A006A5DC5 /* DI.framework in Frameworks */ = {isa = PBXBuildFile; fileRef = E14A076C24E4B99A006A5DC5 /* DI.framework */; };
		E14A076E24E4B99A006A5DC5 /* DI.framework in Embed Frameworks */ = {isa = PBXBuildFile; fileRef = E14A076C24E4B99A006A5DC5 /* DI.framework */; settings = {ATTRIBUTES = (CodeSignOnCopy, RemoveHeadersOnCopy, ); }; };
		E14A077024E4B9A1006A5DC5 /* AppNavigation.framework in Frameworks */ = {isa = PBXBuildFile; fileRef = E14A076F24E4B9A1006A5DC5 /* AppNavigation.framework */; };
		E14A077124E4B9A1006A5DC5 /* AppNavigation.framework in Embed Frameworks */ = {isa = PBXBuildFile; fileRef = E14A076F24E4B9A1006A5DC5 /* AppNavigation.framework */; settings = {ATTRIBUTES = (CodeSignOnCopy, RemoveHeadersOnCopy, ); }; };
		E195A1B424E4C7C300C513F9 /* Common.framework in Frameworks */ = {isa = PBXBuildFile; fileRef = E195A1B324E4C7C300C513F9 /* Common.framework */; };
		E195A1B524E4C7C300C513F9 /* Common.framework in Embed Frameworks */ = {isa = PBXBuildFile; fileRef = E195A1B324E4C7C300C513F9 /* Common.framework */; settings = {ATTRIBUTES = (CodeSignOnCopy, RemoveHeadersOnCopy, ); }; };
/* End PBXBuildFile section */

/* Begin PBXContainerItemProxy section */
		E145728A24DF508E0026D925 /* PBXContainerItemProxy */ = {
			isa = PBXContainerItemProxy;
			containerPortal = E145726B24DF508C0026D925 /* Project object */;
			proxyType = 1;
			remoteGlobalIDString = E145727224DF508C0026D925;
			remoteInfo = UDTM;
		};
		E145729524DF508E0026D925 /* PBXContainerItemProxy */ = {
			isa = PBXContainerItemProxy;
			containerPortal = E145726B24DF508C0026D925 /* Project object */;
			proxyType = 1;
			remoteGlobalIDString = E145727224DF508C0026D925;
			remoteInfo = UDTM;
		};
/* End PBXContainerItemProxy section */

/* Begin PBXCopyFilesBuildPhase section */
		E144451024E078EA00008203 /* Embed Frameworks */ = {
			isa = PBXCopyFilesBuildPhase;
			buildActionMask = 2147483647;
			dstPath = "";
			dstSubfolderSpec = 10;
			files = (
				E14A077124E4B9A1006A5DC5 /* AppNavigation.framework in Embed Frameworks */,
				E14A076E24E4B99A006A5DC5 /* DI.framework in Embed Frameworks */,
				E144451924E0790500008203 /* Networking.framework in Embed Frameworks */,
				E144451324E078F200008203 /* AppData.framework in Embed Frameworks */,
				E144450F24E078EA00008203 /* Domain.framework in Embed Frameworks */,
				E195A1B524E4C7C300C513F9 /* Common.framework in Embed Frameworks */,
				E144451624E078FC00008203 /* Storage.framework in Embed Frameworks */,
			);
			name = "Embed Frameworks";
			runOnlyForDeploymentPostprocessing = 0;
		};
/* End PBXCopyFilesBuildPhase section */

/* Begin PBXFileReference section */
		13805479B963C0E74D3A499C /* Pods-UDTMTests.release.xcconfig */ = {isa = PBXFileReference; includeInIndex = 1; lastKnownFileType = text.xcconfig; name = "Pods-UDTMTests.release.xcconfig"; path = "Target Support Files/Pods-UDTMTests/Pods-UDTMTests.release.xcconfig"; sourceTree = "<group>"; };
		21C38BE4F72E3CB4690953A6 /* Pods_UDTMTests.framework */ = {isa = PBXFileReference; explicitFileType = wrapper.framework; includeInIndex = 0; path = Pods_UDTMTests.framework; sourceTree = BUILT_PRODUCTS_DIR; };
		7FAB38A057B49883E3475191 /* Pods_UDMTTargets_UDTM.framework */ = {isa = PBXFileReference; explicitFileType = wrapper.framework; includeInIndex = 0; path = Pods_UDMTTargets_UDTM.framework; sourceTree = BUILT_PRODUCTS_DIR; };
		950B017C9F39539BCA4B086E /* Pods-UDMTTargets-UDTM.debug.xcconfig */ = {isa = PBXFileReference; includeInIndex = 1; lastKnownFileType = text.xcconfig; name = "Pods-UDMTTargets-UDTM.debug.xcconfig"; path = "Target Support Files/Pods-UDMTTargets-UDTM/Pods-UDMTTargets-UDTM.debug.xcconfig"; sourceTree = "<group>"; };
		D0CFA891E2C6AE40132C3D15 /* Pods-UDTMTests.debug.xcconfig */ = {isa = PBXFileReference; includeInIndex = 1; lastKnownFileType = text.xcconfig; name = "Pods-UDTMTests.debug.xcconfig"; path = "Target Support Files/Pods-UDTMTests/Pods-UDTMTests.debug.xcconfig"; sourceTree = "<group>"; };
		E144450D24E078EA00008203 /* Domain.framework */ = {isa = PBXFileReference; explicitFileType = wrapper.framework; path = Domain.framework; sourceTree = BUILT_PRODUCTS_DIR; };
		E144451124E078F200008203 /* AppData.framework */ = {isa = PBXFileReference; explicitFileType = wrapper.framework; path = AppData.framework; sourceTree = BUILT_PRODUCTS_DIR; };
		E144451424E078FC00008203 /* Storage.framework */ = {isa = PBXFileReference; explicitFileType = wrapper.framework; path = Storage.framework; sourceTree = BUILT_PRODUCTS_DIR; };
		E144451724E0790500008203 /* Networking.framework */ = {isa = PBXFileReference; explicitFileType = wrapper.framework; path = Networking.framework; sourceTree = BUILT_PRODUCTS_DIR; };
		E145727324DF508C0026D925 /* Uni Duni Tê - Movies.app */ = {isa = PBXFileReference; explicitFileType = wrapper.application; includeInIndex = 0; path = "Uni Duni Tê - Movies.app"; sourceTree = BUILT_PRODUCTS_DIR; };
		E145727624DF508C0026D925 /* AppDelegate.swift */ = {isa = PBXFileReference; lastKnownFileType = sourcecode.swift; path = AppDelegate.swift; sourceTree = "<group>"; };
		E145727A24DF508C0026D925 /* ViewController.swift */ = {isa = PBXFileReference; lastKnownFileType = sourcecode.swift; path = ViewController.swift; sourceTree = "<group>"; };
		E145727D24DF508C0026D925 /* Base */ = {isa = PBXFileReference; lastKnownFileType = file.storyboard; name = Base; path = Base.lproj/Main.storyboard; sourceTree = "<group>"; };
		E145727F24DF508E0026D925 /* Assets.xcassets */ = {isa = PBXFileReference; lastKnownFileType = folder.assetcatalog; path = Assets.xcassets; sourceTree = "<group>"; };
		E145728224DF508E0026D925 /* Base */ = {isa = PBXFileReference; lastKnownFileType = file.storyboard; name = Base; path = Base.lproj/LaunchScreen.storyboard; sourceTree = "<group>"; };
		E145728424DF508E0026D925 /* Info.plist */ = {isa = PBXFileReference; lastKnownFileType = text.plist.xml; path = Info.plist; sourceTree = "<group>"; };
		E145728924DF508E0026D925 /* UDTMTests.xctest */ = {isa = PBXFileReference; explicitFileType = wrapper.cfbundle; includeInIndex = 0; path = UDTMTests.xctest; sourceTree = BUILT_PRODUCTS_DIR; };
		E145728D24DF508E0026D925 /* UDTMTests.swift */ = {isa = PBXFileReference; lastKnownFileType = sourcecode.swift; path = UDTMTests.swift; sourceTree = "<group>"; };
		E145728F24DF508E0026D925 /* Info.plist */ = {isa = PBXFileReference; lastKnownFileType = text.plist.xml; path = Info.plist; sourceTree = "<group>"; };
		E145729424DF508E0026D925 /* UDTMUITests.xctest */ = {isa = PBXFileReference; explicitFileType = wrapper.cfbundle; includeInIndex = 0; path = UDTMUITests.xctest; sourceTree = BUILT_PRODUCTS_DIR; };
		E145729824DF508E0026D925 /* UDTMUITests.swift */ = {isa = PBXFileReference; lastKnownFileType = sourcecode.swift; path = UDTMUITests.swift; sourceTree = "<group>"; };
		E145729A24DF508E0026D925 /* Info.plist */ = {isa = PBXFileReference; lastKnownFileType = text.plist.xml; path = Info.plist; sourceTree = "<group>"; };
		E14A076C24E4B99A006A5DC5 /* DI.framework */ = {isa = PBXFileReference; explicitFileType = wrapper.framework; path = DI.framework; sourceTree = BUILT_PRODUCTS_DIR; };
		E14A076F24E4B9A1006A5DC5 /* AppNavigation.framework */ = {isa = PBXFileReference; explicitFileType = wrapper.framework; path = AppNavigation.framework; sourceTree = BUILT_PRODUCTS_DIR; };
		E195A1B324E4C7C300C513F9 /* Common.framework */ = {isa = PBXFileReference; explicitFileType = wrapper.framework; path = Common.framework; sourceTree = BUILT_PRODUCTS_DIR; };
		F7F79AE1EB3251250F4F3F44 /* Pods-UDMTTargets-UDTM.release.xcconfig */ = {isa = PBXFileReference; includeInIndex = 1; lastKnownFileType = text.xcconfig; name = "Pods-UDMTTargets-UDTM.release.xcconfig"; path = "Target Support Files/Pods-UDMTTargets-UDTM/Pods-UDMTTargets-UDTM.release.xcconfig"; sourceTree = "<group>"; };
/* End PBXFileReference section */

/* Begin PBXFrameworksBuildPhase section */
		E145727024DF508C0026D925 /* Frameworks */ = {
			isa = PBXFrameworksBuildPhase;
			buildActionMask = 2147483647;
			files = (
				E144450E24E078EA00008203 /* Domain.framework in Frameworks */,
				E144451524E078FC00008203 /* Storage.framework in Frameworks */,
				E14A076D24E4B99A006A5DC5 /* DI.framework in Frameworks */,
				E144451824E0790500008203 /* Networking.framework in Frameworks */,
				E195A1B424E4C7C300C513F9 /* Common.framework in Frameworks */,
				E144451224E078F200008203 /* AppData.framework in Frameworks */,
				E14A077024E4B9A1006A5DC5 /* AppNavigation.framework in Frameworks */,
				9BC608885A3400F9558B0118 /* Pods_UDMTTargets_UDTM.framework in Frameworks */,
			);
			runOnlyForDeploymentPostprocessing = 0;
		};
		E145728624DF508E0026D925 /* Frameworks */ = {
			isa = PBXFrameworksBuildPhase;
			buildActionMask = 2147483647;
			files = (
				B6E762C77E7B6561BD3D582A /* Pods_UDTMTests.framework in Frameworks */,
			);
			runOnlyForDeploymentPostprocessing = 0;
		};
		E145729124DF508E0026D925 /* Frameworks */ = {
			isa = PBXFrameworksBuildPhase;
			buildActionMask = 2147483647;
			files = (
			);
			runOnlyForDeploymentPostprocessing = 0;
		};
/* End PBXFrameworksBuildPhase section */

/* Begin PBXGroup section */
		A8D5FA647C86BE16962A9F2E /* Pods */ = {
			isa = PBXGroup;
			children = (
				950B017C9F39539BCA4B086E /* Pods-UDMTTargets-UDTM.debug.xcconfig */,
				F7F79AE1EB3251250F4F3F44 /* Pods-UDMTTargets-UDTM.release.xcconfig */,
				D0CFA891E2C6AE40132C3D15 /* Pods-UDTMTests.debug.xcconfig */,
				13805479B963C0E74D3A499C /* Pods-UDTMTests.release.xcconfig */,
			);
			path = Pods;
			sourceTree = "<group>";
		};
		B312682DFEFA3B2839EC0759 /* Frameworks */ = {
			isa = PBXGroup;
			children = (
				E195A1B324E4C7C300C513F9 /* Common.framework */,
				E14A076F24E4B9A1006A5DC5 /* AppNavigation.framework */,
				E14A076C24E4B99A006A5DC5 /* DI.framework */,
				E144451724E0790500008203 /* Networking.framework */,
				E144451424E078FC00008203 /* Storage.framework */,
				E144451124E078F200008203 /* AppData.framework */,
				E144450D24E078EA00008203 /* Domain.framework */,
				7FAB38A057B49883E3475191 /* Pods_UDMTTargets_UDTM.framework */,
				21C38BE4F72E3CB4690953A6 /* Pods_UDTMTests.framework */,
			);
			name = Frameworks;
			sourceTree = "<group>";
		};
		E145726A24DF508C0026D925 = {
			isa = PBXGroup;
			children = (
				E145727524DF508C0026D925 /* UDTM */,
				E145728C24DF508E0026D925 /* UDTMTests */,
				E145729724DF508E0026D925 /* UDTMUITests */,
				E145727424DF508C0026D925 /* Products */,
				A8D5FA647C86BE16962A9F2E /* Pods */,
				B312682DFEFA3B2839EC0759 /* Frameworks */,
			);
			sourceTree = "<group>";
		};
		E145727424DF508C0026D925 /* Products */ = {
			isa = PBXGroup;
			children = (
				E145727324DF508C0026D925 /* Uni Duni Tê - Movies.app */,
				E145728924DF508E0026D925 /* UDTMTests.xctest */,
				E145729424DF508E0026D925 /* UDTMUITests.xctest */,
			);
			name = Products;
			sourceTree = "<group>";
		};
		E145727524DF508C0026D925 /* UDTM */ = {
			isa = PBXGroup;
			children = (
				E145727624DF508C0026D925 /* AppDelegate.swift */,
				E145727A24DF508C0026D925 /* ViewController.swift */,
				E145727C24DF508C0026D925 /* Main.storyboard */,
				E145727F24DF508E0026D925 /* Assets.xcassets */,
				E145728124DF508E0026D925 /* LaunchScreen.storyboard */,
				E145728424DF508E0026D925 /* Info.plist */,
			);
			path = UDTM;
			sourceTree = "<group>";
		};
		E145728C24DF508E0026D925 /* UDTMTests */ = {
			isa = PBXGroup;
			children = (
				E145728D24DF508E0026D925 /* UDTMTests.swift */,
				E145728F24DF508E0026D925 /* Info.plist */,
			);
			path = UDTMTests;
			sourceTree = "<group>";
		};
		E145729724DF508E0026D925 /* UDTMUITests */ = {
			isa = PBXGroup;
			children = (
				E145729824DF508E0026D925 /* UDTMUITests.swift */,
				E145729A24DF508E0026D925 /* Info.plist */,
			);
			path = UDTMUITests;
			sourceTree = "<group>";
		};
/* End PBXGroup section */

/* Begin PBXNativeTarget section */
		E145727224DF508C0026D925 /* UDTM */ = {
			isa = PBXNativeTarget;
			buildConfigurationList = E145729D24DF508E0026D925 /* Build configuration list for PBXNativeTarget "UDTM" */;
			buildPhases = (
				716DA20B17845F3B1386F269 /* [CP] Check Pods Manifest.lock */,
				E145726F24DF508C0026D925 /* Sources */,
				E145727024DF508C0026D925 /* Frameworks */,
				E145727124DF508C0026D925 /* Resources */,
				E144451024E078EA00008203 /* Embed Frameworks */,
				D6EBC1BAAD80244013E2B741 /* [CP] Embed Pods Frameworks */,
			);
			buildRules = (
			);
			dependencies = (
			);
			name = UDTM;
			productName = UDTM;
			productReference = E145727324DF508C0026D925 /* Uni Duni Tê - Movies.app */;
			productType = "com.apple.product-type.application";
		};
		E145728824DF508E0026D925 /* UDTMTests */ = {
			isa = PBXNativeTarget;
			buildConfigurationList = E14572A024DF508E0026D925 /* Build configuration list for PBXNativeTarget "UDTMTests" */;
			buildPhases = (
				99608BA47B4115ACD5490D35 /* [CP] Check Pods Manifest.lock */,
				E145728524DF508E0026D925 /* Sources */,
				E145728624DF508E0026D925 /* Frameworks */,
				E145728724DF508E0026D925 /* Resources */,
			);
			buildRules = (
			);
			dependencies = (
				E145728B24DF508E0026D925 /* PBXTargetDependency */,
			);
			name = UDTMTests;
			productName = UDTMTests;
			productReference = E145728924DF508E0026D925 /* UDTMTests.xctest */;
			productType = "com.apple.product-type.bundle.unit-test";
		};
		E145729324DF508E0026D925 /* UDTMUITests */ = {
			isa = PBXNativeTarget;
			buildConfigurationList = E14572A324DF508E0026D925 /* Build configuration list for PBXNativeTarget "UDTMUITests" */;
			buildPhases = (
				E145729024DF508E0026D925 /* Sources */,
				E145729124DF508E0026D925 /* Frameworks */,
				E145729224DF508E0026D925 /* Resources */,
			);
			buildRules = (
			);
			dependencies = (
				E145729624DF508E0026D925 /* PBXTargetDependency */,
			);
			name = UDTMUITests;
			productName = UDTMUITests;
			productReference = E145729424DF508E0026D925 /* UDTMUITests.xctest */;
			productType = "com.apple.product-type.bundle.ui-testing";
		};
/* End PBXNativeTarget section */

/* Begin PBXProject section */
		E145726B24DF508C0026D925 /* Project object */ = {
			isa = PBXProject;
			attributes = {
				LastSwiftUpdateCheck = 1160;
				LastUpgradeCheck = 1160;
				ORGANIZATIONNAME = dias;
				TargetAttributes = {
					E145727224DF508C0026D925 = {
						CreatedOnToolsVersion = 11.6;
					};
					E145728824DF508E0026D925 = {
						CreatedOnToolsVersion = 11.6;
						TestTargetID = E145727224DF508C0026D925;
					};
					E145729324DF508E0026D925 = {
						CreatedOnToolsVersion = 11.6;
						TestTargetID = E145727224DF508C0026D925;
					};
				};
			};
			buildConfigurationList = E145726E24DF508C0026D925 /* Build configuration list for PBXProject "UDTM" */;
			compatibilityVersion = "Xcode 9.3";
			developmentRegion = en;
			hasScannedForEncodings = 0;
			knownRegions = (
				en,
				Base,
			);
			mainGroup = E145726A24DF508C0026D925;
			productRefGroup = E145727424DF508C0026D925 /* Products */;
			projectDirPath = "";
			projectRoot = "";
			targets = (
				E145727224DF508C0026D925 /* UDTM */,
				E145728824DF508E0026D925 /* UDTMTests */,
				E145729324DF508E0026D925 /* UDTMUITests */,
			);
		};
/* End PBXProject section */

/* Begin PBXResourcesBuildPhase section */
		E145727124DF508C0026D925 /* Resources */ = {
			isa = PBXResourcesBuildPhase;
			buildActionMask = 2147483647;
			files = (
				E145728324DF508E0026D925 /* LaunchScreen.storyboard in Resources */,
				E145728024DF508E0026D925 /* Assets.xcassets in Resources */,
				E145727E24DF508C0026D925 /* Main.storyboard in Resources */,
			);
			runOnlyForDeploymentPostprocessing = 0;
		};
		E145728724DF508E0026D925 /* Resources */ = {
			isa = PBXResourcesBuildPhase;
			buildActionMask = 2147483647;
			files = (
			);
			runOnlyForDeploymentPostprocessing = 0;
		};
		E145729224DF508E0026D925 /* Resources */ = {
			isa = PBXResourcesBuildPhase;
			buildActionMask = 2147483647;
			files = (
			);
			runOnlyForDeploymentPostprocessing = 0;
		};
/* End PBXResourcesBuildPhase section */

/* Begin PBXShellScriptBuildPhase section */
		716DA20B17845F3B1386F269 /* [CP] Check Pods Manifest.lock */ = {
			isa = PBXShellScriptBuildPhase;
			buildActionMask = 2147483647;
			files = (
			);
			inputFileListPaths = (
			);
			inputPaths = (
				"${PODS_PODFILE_DIR_PATH}/Podfile.lock",
				"${PODS_ROOT}/Manifest.lock",
			);
			name = "[CP] Check Pods Manifest.lock";
			outputFileListPaths = (
			);
			outputPaths = (
				"$(DERIVED_FILE_DIR)/Pods-UDMTTargets-UDTM-checkManifestLockResult.txt",
			);
			runOnlyForDeploymentPostprocessing = 0;
			shellPath = /bin/sh;
			shellScript = "diff \"${PODS_PODFILE_DIR_PATH}/Podfile.lock\" \"${PODS_ROOT}/Manifest.lock\" > /dev/null\nif [ $? != 0 ] ; then\n    # print error to STDERR\n    echo \"error: The sandbox is not in sync with the Podfile.lock. Run 'pod install' or update your CocoaPods installation.\" >&2\n    exit 1\nfi\n# This output is used by Xcode 'outputs' to avoid re-running this script phase.\necho \"SUCCESS\" > \"${SCRIPT_OUTPUT_FILE_0}\"\n";
			showEnvVarsInLog = 0;
		};
		99608BA47B4115ACD5490D35 /* [CP] Check Pods Manifest.lock */ = {
			isa = PBXShellScriptBuildPhase;
			buildActionMask = 2147483647;
			files = (
			);
			inputFileListPaths = (
			);
			inputPaths = (
				"${PODS_PODFILE_DIR_PATH}/Podfile.lock",
				"${PODS_ROOT}/Manifest.lock",
			);
			name = "[CP] Check Pods Manifest.lock";
			outputFileListPaths = (
			);
			outputPaths = (
				"$(DERIVED_FILE_DIR)/Pods-UDTMTests-checkManifestLockResult.txt",
			);
			runOnlyForDeploymentPostprocessing = 0;
			shellPath = /bin/sh;
			shellScript = "diff \"${PODS_PODFILE_DIR_PATH}/Podfile.lock\" \"${PODS_ROOT}/Manifest.lock\" > /dev/null\nif [ $? != 0 ] ; then\n    # print error to STDERR\n    echo \"error: The sandbox is not in sync with the Podfile.lock. Run 'pod install' or update your CocoaPods installation.\" >&2\n    exit 1\nfi\n# This output is used by Xcode 'outputs' to avoid re-running this script phase.\necho \"SUCCESS\" > \"${SCRIPT_OUTPUT_FILE_0}\"\n";
			showEnvVarsInLog = 0;
		};
		D6EBC1BAAD80244013E2B741 /* [CP] Embed Pods Frameworks */ = {
			isa = PBXShellScriptBuildPhase;
			buildActionMask = 2147483647;
			files = (
			);
			inputFileListPaths = (
				"${PODS_ROOT}/Target Support Files/Pods-UDMTTargets-UDTM/Pods-UDMTTargets-UDTM-frameworks-${CONFIGURATION}-input-files.xcfilelist",
			);
			name = "[CP] Embed Pods Frameworks";
			outputFileListPaths = (
				"${PODS_ROOT}/Target Support Files/Pods-UDMTTargets-UDTM/Pods-UDMTTargets-UDTM-frameworks-${CONFIGURATION}-output-files.xcfilelist",
			);
			runOnlyForDeploymentPostprocessing = 0;
			shellPath = /bin/sh;
			shellScript = "\"${PODS_ROOT}/Target Support Files/Pods-UDMTTargets-UDTM/Pods-UDMTTargets-UDTM-frameworks.sh\"\n";
			showEnvVarsInLog = 0;
		};
/* End PBXShellScriptBuildPhase section */

/* Begin PBXSourcesBuildPhase section */
		E145726F24DF508C0026D925 /* Sources */ = {
			isa = PBXSourcesBuildPhase;
			buildActionMask = 2147483647;
			files = (
				E145727B24DF508C0026D925 /* ViewController.swift in Sources */,
				E145727724DF508C0026D925 /* AppDelegate.swift in Sources */,
			);
			runOnlyForDeploymentPostprocessing = 0;
		};
		E145728524DF508E0026D925 /* Sources */ = {
			isa = PBXSourcesBuildPhase;
			buildActionMask = 2147483647;
			files = (
				E145728E24DF508E0026D925 /* UDTMTests.swift in Sources */,
			);
			runOnlyForDeploymentPostprocessing = 0;
		};
		E145729024DF508E0026D925 /* Sources */ = {
			isa = PBXSourcesBuildPhase;
			buildActionMask = 2147483647;
			files = (
				E145729924DF508E0026D925 /* UDTMUITests.swift in Sources */,
			);
			runOnlyForDeploymentPostprocessing = 0;
		};
/* End PBXSourcesBuildPhase section */

/* Begin PBXTargetDependency section */
		E145728B24DF508E0026D925 /* PBXTargetDependency */ = {
			isa = PBXTargetDependency;
			target = E145727224DF508C0026D925 /* UDTM */;
			targetProxy = E145728A24DF508E0026D925 /* PBXContainerItemProxy */;
		};
		E145729624DF508E0026D925 /* PBXTargetDependency */ = {
			isa = PBXTargetDependency;
			target = E145727224DF508C0026D925 /* UDTM */;
			targetProxy = E145729524DF508E0026D925 /* PBXContainerItemProxy */;
		};
/* End PBXTargetDependency section */

/* Begin PBXVariantGroup section */
		E145727C24DF508C0026D925 /* Main.storyboard */ = {
			isa = PBXVariantGroup;
			children = (
				E145727D24DF508C0026D925 /* Base */,
			);
			name = Main.storyboard;
			sourceTree = "<group>";
		};
		E145728124DF508E0026D925 /* LaunchScreen.storyboard */ = {
			isa = PBXVariantGroup;
			children = (
				E145728224DF508E0026D925 /* Base */,
			);
			name = LaunchScreen.storyboard;
			sourceTree = "<group>";
		};
/* End PBXVariantGroup section */

/* Begin XCBuildConfiguration section */
		E145729B24DF508E0026D925 /* Debug */ = {
			isa = XCBuildConfiguration;
			buildSettings = {
				ALWAYS_SEARCH_USER_PATHS = NO;
				CLANG_ANALYZER_NONNULL = YES;
				CLANG_ANALYZER_NUMBER_OBJECT_CONVERSION = YES_AGGRESSIVE;
				CLANG_CXX_LANGUAGE_STANDARD = "gnu++14";
				CLANG_CXX_LIBRARY = "libc++";
				CLANG_ENABLE_MODULES = YES;
				CLANG_ENABLE_OBJC_ARC = YES;
				CLANG_ENABLE_OBJC_WEAK = YES;
				CLANG_WARN_BLOCK_CAPTURE_AUTORELEASING = YES;
				CLANG_WARN_BOOL_CONVERSION = YES;
				CLANG_WARN_COMMA = YES;
				CLANG_WARN_CONSTANT_CONVERSION = YES;
				CLANG_WARN_DEPRECATED_OBJC_IMPLEMENTATIONS = YES;
				CLANG_WARN_DIRECT_OBJC_ISA_USAGE = YES_ERROR;
				CLANG_WARN_DOCUMENTATION_COMMENTS = YES;
				CLANG_WARN_EMPTY_BODY = YES;
				CLANG_WARN_ENUM_CONVERSION = YES;
				CLANG_WARN_INFINITE_RECURSION = YES;
				CLANG_WARN_INT_CONVERSION = YES;
				CLANG_WARN_NON_LITERAL_NULL_CONVERSION = YES;
				CLANG_WARN_OBJC_IMPLICIT_RETAIN_SELF = YES;
				CLANG_WARN_OBJC_LITERAL_CONVERSION = YES;
				CLANG_WARN_OBJC_ROOT_CLASS = YES_ERROR;
				CLANG_WARN_RANGE_LOOP_ANALYSIS = YES;
				CLANG_WARN_STRICT_PROTOTYPES = YES;
				CLANG_WARN_SUSPICIOUS_MOVE = YES;
				CLANG_WARN_UNGUARDED_AVAILABILITY = YES_AGGRESSIVE;
				CLANG_WARN_UNREACHABLE_CODE = YES;
				CLANG_WARN__DUPLICATE_METHOD_MATCH = YES;
				COPY_PHASE_STRIP = NO;
				DEBUG_INFORMATION_FORMAT = dwarf;
				ENABLE_STRICT_OBJC_MSGSEND = YES;
				ENABLE_TESTABILITY = YES;
				GCC_C_LANGUAGE_STANDARD = gnu11;
				GCC_DYNAMIC_NO_PIC = NO;
				GCC_NO_COMMON_BLOCKS = YES;
				GCC_OPTIMIZATION_LEVEL = 0;
				GCC_PREPROCESSOR_DEFINITIONS = (
					"DEBUG=1",
					"$(inherited)",
				);
				GCC_WARN_64_TO_32_BIT_CONVERSION = YES;
				GCC_WARN_ABOUT_RETURN_TYPE = YES_ERROR;
				GCC_WARN_UNDECLARED_SELECTOR = YES;
				GCC_WARN_UNINITIALIZED_AUTOS = YES_AGGRESSIVE;
				GCC_WARN_UNUSED_FUNCTION = YES;
				GCC_WARN_UNUSED_VARIABLE = YES;
				IPHONEOS_DEPLOYMENT_TARGET = 12.0;
				MTL_ENABLE_DEBUG_INFO = INCLUDE_SOURCE;
				MTL_FAST_MATH = YES;
				ONLY_ACTIVE_ARCH = YES;
				SDKROOT = iphoneos;
				SWIFT_ACTIVE_COMPILATION_CONDITIONS = DEBUG;
				SWIFT_OPTIMIZATION_LEVEL = "-Onone";
			};
			name = Debug;
		};
		E145729C24DF508E0026D925 /* Release */ = {
			isa = XCBuildConfiguration;
			buildSettings = {
				ALWAYS_SEARCH_USER_PATHS = NO;
				CLANG_ANALYZER_NONNULL = YES;
				CLANG_ANALYZER_NUMBER_OBJECT_CONVERSION = YES_AGGRESSIVE;
				CLANG_CXX_LANGUAGE_STANDARD = "gnu++14";
				CLANG_CXX_LIBRARY = "libc++";
				CLANG_ENABLE_MODULES = YES;
				CLANG_ENABLE_OBJC_ARC = YES;
				CLANG_ENABLE_OBJC_WEAK = YES;
				CLANG_WARN_BLOCK_CAPTURE_AUTORELEASING = YES;
				CLANG_WARN_BOOL_CONVERSION = YES;
				CLANG_WARN_COMMA = YES;
				CLANG_WARN_CONSTANT_CONVERSION = YES;
				CLANG_WARN_DEPRECATED_OBJC_IMPLEMENTATIONS = YES;
				CLANG_WARN_DIRECT_OBJC_ISA_USAGE = YES_ERROR;
				CLANG_WARN_DOCUMENTATION_COMMENTS = YES;
				CLANG_WARN_EMPTY_BODY = YES;
				CLANG_WARN_ENUM_CONVERSION = YES;
				CLANG_WARN_INFINITE_RECURSION = YES;
				CLANG_WARN_INT_CONVERSION = YES;
				CLANG_WARN_NON_LITERAL_NULL_CONVERSION = YES;
				CLANG_WARN_OBJC_IMPLICIT_RETAIN_SELF = YES;
				CLANG_WARN_OBJC_LITERAL_CONVERSION = YES;
				CLANG_WARN_OBJC_ROOT_CLASS = YES_ERROR;
				CLANG_WARN_RANGE_LOOP_ANALYSIS = YES;
				CLANG_WARN_STRICT_PROTOTYPES = YES;
				CLANG_WARN_SUSPICIOUS_MOVE = YES;
				CLANG_WARN_UNGUARDED_AVAILABILITY = YES_AGGRESSIVE;
				CLANG_WARN_UNREACHABLE_CODE = YES;
				CLANG_WARN__DUPLICATE_METHOD_MATCH = YES;
				COPY_PHASE_STRIP = NO;
				DEBUG_INFORMATION_FORMAT = "dwarf-with-dsym";
				ENABLE_NS_ASSERTIONS = NO;
				ENABLE_STRICT_OBJC_MSGSEND = YES;
				GCC_C_LANGUAGE_STANDARD = gnu11;
				GCC_NO_COMMON_BLOCKS = YES;
				GCC_WARN_64_TO_32_BIT_CONVERSION = YES;
				GCC_WARN_ABOUT_RETURN_TYPE = YES_ERROR;
				GCC_WARN_UNDECLARED_SELECTOR = YES;
				GCC_WARN_UNINITIALIZED_AUTOS = YES_AGGRESSIVE;
				GCC_WARN_UNUSED_FUNCTION = YES;
				GCC_WARN_UNUSED_VARIABLE = YES;
				IPHONEOS_DEPLOYMENT_TARGET = 12.0;
				MTL_ENABLE_DEBUG_INFO = NO;
				MTL_FAST_MATH = YES;
				SDKROOT = iphoneos;
				SWIFT_COMPILATION_MODE = wholemodule;
				SWIFT_OPTIMIZATION_LEVEL = "-O";
				VALIDATE_PRODUCT = YES;
			};
			name = Release;
		};
		E145729E24DF508E0026D925 /* Debug */ = {
			isa = XCBuildConfiguration;
			baseConfigurationReference = 950B017C9F39539BCA4B086E /* Pods-UDMTTargets-UDTM.debug.xcconfig */;
			buildSettings = {
				ASSETCATALOG_COMPILER_APPICON_NAME = AppIcon;
				CODE_SIGN_STYLE = Automatic;
				DEVELOPMENT_TEAM = KYWC2RHW78;
				INFOPLIST_FILE = UDTM/Info.plist;
				LD_RUNPATH_SEARCH_PATHS = (
					"$(inherited)",
					"@executable_path/Frameworks",
				);
				PRODUCT_BUNDLE_IDENTIFIER = br.com.dias.udtm;
				PRODUCT_NAME = "Uni Duni Tê - Movies";
				SWIFT_VERSION = 5.0;
				TARGETED_DEVICE_FAMILY = "1,2";
			};
			name = Debug;
		};
		E145729F24DF508E0026D925 /* Release */ = {
			isa = XCBuildConfiguration;
			baseConfigurationReference = F7F79AE1EB3251250F4F3F44 /* Pods-UDMTTargets-UDTM.release.xcconfig */;
			buildSettings = {
				ASSETCATALOG_COMPILER_APPICON_NAME = AppIcon;
				CODE_SIGN_STYLE = Automatic;
				DEVELOPMENT_TEAM = KYWC2RHW78;
				INFOPLIST_FILE = UDTM/Info.plist;
				LD_RUNPATH_SEARCH_PATHS = (
					"$(inherited)",
					"@executable_path/Frameworks",
				);
				PRODUCT_BUNDLE_IDENTIFIER = br.com.dias.udtm;
				PRODUCT_NAME = "Uni Duni Tê - Movies";
				SWIFT_VERSION = 5.0;
				TARGETED_DEVICE_FAMILY = "1,2";
			};
			name = Release;
		};
		E14572A124DF508E0026D925 /* Debug */ = {
			isa = XCBuildConfiguration;
			baseConfigurationReference = D0CFA891E2C6AE40132C3D15 /* Pods-UDTMTests.debug.xcconfig */;
			buildSettings = {
				ALWAYS_EMBED_SWIFT_STANDARD_LIBRARIES = YES;
				BUNDLE_LOADER = "$(TEST_HOST)";
				CODE_SIGN_STYLE = Automatic;
				DEVELOPMENT_TEAM = KYWC2RHW78;
				INFOPLIST_FILE = UDTMTests/Info.plist;
				IPHONEOS_DEPLOYMENT_TARGET = 13.6;
				LD_RUNPATH_SEARCH_PATHS = (
					"$(inherited)",
					"@executable_path/Frameworks",
					"@loader_path/Frameworks",
				);
				PRODUCT_BUNDLE_IDENTIFIER = br.com.dias.udtm.tests;
				PRODUCT_NAME = "$(TARGET_NAME)";
				SWIFT_VERSION = 5.0;
				TARGETED_DEVICE_FAMILY = "1,2";
				TEST_HOST = "$(BUILT_PRODUCTS_DIR)/UDTM.app/UDTM";
			};
			name = Debug;
		};
		E14572A224DF508E0026D925 /* Release */ = {
			isa = XCBuildConfiguration;
			baseConfigurationReference = 13805479B963C0E74D3A499C /* Pods-UDTMTests.release.xcconfig */;
			buildSettings = {
				ALWAYS_EMBED_SWIFT_STANDARD_LIBRARIES = YES;
				BUNDLE_LOADER = "$(TEST_HOST)";
				CODE_SIGN_STYLE = Automatic;
				DEVELOPMENT_TEAM = KYWC2RHW78;
				INFOPLIST_FILE = UDTMTests/Info.plist;
				IPHONEOS_DEPLOYMENT_TARGET = 13.6;
				LD_RUNPATH_SEARCH_PATHS = (
					"$(inherited)",
					"@executable_path/Frameworks",
					"@loader_path/Frameworks",
				);
				PRODUCT_BUNDLE_IDENTIFIER = br.com.dias.udtm.tests;
				PRODUCT_NAME = "$(TARGET_NAME)";
				SWIFT_VERSION = 5.0;
				TARGETED_DEVICE_FAMILY = "1,2";
				TEST_HOST = "$(BUILT_PRODUCTS_DIR)/UDTM.app/UDTM";
			};
			name = Release;
		};
		E14572A424DF508E0026D925 /* Debug */ = {
			isa = XCBuildConfiguration;
			buildSettings = {
				ALWAYS_EMBED_SWIFT_STANDARD_LIBRARIES = YES;
				CODE_SIGN_STYLE = Automatic;
				DEVELOPMENT_TEAM = KYWC2RHW78;
				INFOPLIST_FILE = UDTMUITests/Info.plist;
				LD_RUNPATH_SEARCH_PATHS = (
					"$(inherited)",
					"@executable_path/Frameworks",
					"@loader_path/Frameworks",
				);
				PRODUCT_BUNDLE_IDENTIFIER = br.com.dias.udtm.uitests;
				PRODUCT_NAME = "$(TARGET_NAME)";
				SWIFT_VERSION = 5.0;
				TARGETED_DEVICE_FAMILY = "1,2";
				TEST_TARGET_NAME = UDTM;
			};
			name = Debug;
		};
		E14572A524DF508E0026D925 /* Release */ = {
			isa = XCBuildConfiguration;
			buildSettings = {
				ALWAYS_EMBED_SWIFT_STANDARD_LIBRARIES = YES;
				CODE_SIGN_STYLE = Automatic;
				DEVELOPMENT_TEAM = KYWC2RHW78;
				INFOPLIST_FILE = UDTMUITests/Info.plist;
				LD_RUNPATH_SEARCH_PATHS = (
					"$(inherited)",
					"@executable_path/Frameworks",
					"@loader_path/Frameworks",
				);
				PRODUCT_BUNDLE_IDENTIFIER = br.com.dias.udtm.uitests;
				PRODUCT_NAME = "$(TARGET_NAME)";
				SWIFT_VERSION = 5.0;
				TARGETED_DEVICE_FAMILY = "1,2";
				TEST_TARGET_NAME = UDTM;
			};
			name = Release;
		};
/* End XCBuildConfiguration section */

/* Begin XCConfigurationList section */
		E145726E24DF508C0026D925 /* Build configuration list for PBXProject "UDTM" */ = {
			isa = XCConfigurationList;
			buildConfigurations = (
				E145729B24DF508E0026D925 /* Debug */,
				E145729C24DF508E0026D925 /* Release */,
			);
			defaultConfigurationIsVisible = 0;
			defaultConfigurationName = Release;
		};
		E145729D24DF508E0026D925 /* Build configuration list for PBXNativeTarget "UDTM" */ = {
			isa = XCConfigurationList;
			buildConfigurations = (
				E145729E24DF508E0026D925 /* Debug */,
				E145729F24DF508E0026D925 /* Release */,
			);
			defaultConfigurationIsVisible = 0;
			defaultConfigurationName = Release;
		};
		E14572A024DF508E0026D925 /* Build configuration list for PBXNativeTarget "UDTMTests" */ = {
			isa = XCConfigurationList;
			buildConfigurations = (
				E14572A124DF508E0026D925 /* Debug */,
				E14572A224DF508E0026D925 /* Release */,
			);
			defaultConfigurationIsVisible = 0;
			defaultConfigurationName = Release;
		};
		E14572A324DF508E0026D925 /* Build configuration list for PBXNativeTarget "UDTMUITests" */ = {
			isa = XCConfigurationList;
			buildConfigurations = (
				E14572A424DF508E0026D925 /* Debug */,
				E14572A524DF508E0026D925 /* Release */,
			);
			defaultConfigurationIsVisible = 0;
			defaultConfigurationName = Release;
		};
/* End XCConfigurationList section */
	};
	rootObject = E145726B24DF508C0026D925 /* Project object */;
}
